// !$*UTF8*$!
{
	archiveVersion = 1;
	classes = {
	};
	objectVersion = 56;
	objects = {

/* Begin PBXBuildFile section */
		168472382A358A6C35EAEA97 /* Pods_PayPayCorp_MobileCodingChallengeTests.framework in Frameworks */ = {isa = PBXBuildFile; fileRef = D29871C931EB9A820E07B971 /* Pods_PayPayCorp_MobileCodingChallengeTests.framework */; };
		843B9012D50DD5E4B8CE8657 /* Pods_PayPayCorp_MobileCodingChallenge.framework in Frameworks */ = {isa = PBXBuildFile; fileRef = 70B4769043665D51AC099344 /* Pods_PayPayCorp_MobileCodingChallenge.framework */; };
		9C4503563C7B85CFACFF2431 /* Pods_PayPayCorp_MobileCodingChallenge_PayPayCorp_MobileCodingChallengeUITests.framework in Frameworks */ = {isa = PBXBuildFile; fileRef = 200074E3A5DD9A2CD3D5C0E2 /* Pods_PayPayCorp_MobileCodingChallenge_PayPayCorp_MobileCodingChallengeUITests.framework */; };
		ED3A3D052B08A1C100397452 /* Observable+Ext.swift in Sources */ = {isa = PBXBuildFile; fileRef = ED3A3CFE2B08A1C000397452 /* Observable+Ext.swift */; };
		ED3A3D062B08A1C100397452 /* AppVersionCheck.swift in Sources */ = {isa = PBXBuildFile; fileRef = ED3A3CFF2B08A1C000397452 /* AppVersionCheck.swift */; };
		ED3A3D072B08A1C100397452 /* Reusable.swift in Sources */ = {isa = PBXBuildFile; fileRef = ED3A3D002B08A1C000397452 /* Reusable.swift */; };
		ED3A3D082B08A1C100397452 /* AppExtensions.swift in Sources */ = {isa = PBXBuildFile; fileRef = ED3A3D012B08A1C000397452 /* AppExtensions.swift */; };
		ED3A3D092B08A1C100397452 /* UIView+Borders.swift in Sources */ = {isa = PBXBuildFile; fileRef = ED3A3D022B08A1C100397452 /* UIView+Borders.swift */; };
		ED3A3D0A2B08A1C100397452 /* ErrorTracker.swift in Sources */ = {isa = PBXBuildFile; fileRef = ED3A3D032B08A1C100397452 /* ErrorTracker.swift */; };
		ED3A3D0B2B08A1C100397452 /* UIHelper.swift in Sources */ = {isa = PBXBuildFile; fileRef = ED3A3D042B08A1C100397452 /* UIHelper.swift */; };
		ED3A3D182B08A1E000397452 /* STBouncyPreloaderLoading.swift in Sources */ = {isa = PBXBuildFile; fileRef = ED3A3D0E2B08A1E000397452 /* STBouncyPreloaderLoading.swift */; };
		ED3A3D192B08A1E000397452 /* STArchLoading.swift in Sources */ = {isa = PBXBuildFile; fileRef = ED3A3D0F2B08A1E000397452 /* STArchLoading.swift */; };
		ED3A3D1A2B08A1E000397452 /* STWalkLoading.swift in Sources */ = {isa = PBXBuildFile; fileRef = ED3A3D102B08A1E000397452 /* STWalkLoading.swift */; };
		ED3A3D1B2B08A1E000397452 /* STTriangleLoading.swift in Sources */ = {isa = PBXBuildFile; fileRef = ED3A3D112B08A1E000397452 /* STTriangleLoading.swift */; };
		ED3A3D1C2B08A1E000397452 /* STGlassesLoading.swift in Sources */ = {isa = PBXBuildFile; fileRef = ED3A3D122B08A1E000397452 /* STGlassesLoading.swift */; };
		ED3A3D1D2B08A1E000397452 /* STSubmitLoading.swift in Sources */ = {isa = PBXBuildFile; fileRef = ED3A3D132B08A1E000397452 /* STSubmitLoading.swift */; };
		ED3A3D1E2B08A1E000397452 /* STPacManLoading.swift in Sources */ = {isa = PBXBuildFile; fileRef = ED3A3D142B08A1E000397452 /* STPacManLoading.swift */; };
		ED3A3D1F2B08A1E000397452 /* STZhiHuLoading.swift in Sources */ = {isa = PBXBuildFile; fileRef = ED3A3D152B08A1E000397452 /* STZhiHuLoading.swift */; };
		ED3A3D202B08A1E000397452 /* STLoadingGroup.swift in Sources */ = {isa = PBXBuildFile; fileRef = ED3A3D162B08A1E000397452 /* STLoadingGroup.swift */; };
		ED3A3D212B08A1E000397452 /* STLoadingable.swift in Sources */ = {isa = PBXBuildFile; fileRef = ED3A3D172B08A1E000397452 /* STLoadingable.swift */; };
		ED3A3D3F2B08A21200397452 /* SFProText-Regular.otf in Resources */ = {isa = PBXBuildFile; fileRef = ED3A3D242B08A21200397452 /* SFProText-Regular.otf */; };
		ED3A3D402B08A21200397452 /* SFProText-Light.otf in Resources */ = {isa = PBXBuildFile; fileRef = ED3A3D252B08A21200397452 /* SFProText-Light.otf */; };
		ED3A3D412B08A21200397452 /* SFProText-Semibold.otf in Resources */ = {isa = PBXBuildFile; fileRef = ED3A3D262B08A21200397452 /* SFProText-Semibold.otf */; };
		ED3A3D422B08A21200397452 /* SFProText-Medium.otf in Resources */ = {isa = PBXBuildFile; fileRef = ED3A3D272B08A21200397452 /* SFProText-Medium.otf */; };
		ED3A3D432B08A21200397452 /* SFProText-Heavy.otf in Resources */ = {isa = PBXBuildFile; fileRef = ED3A3D282B08A21200397452 /* SFProText-Heavy.otf */; };
		ED3A3D442B08A21200397452 /* SFProText-Italic.otf in Resources */ = {isa = PBXBuildFile; fileRef = ED3A3D292B08A21200397452 /* SFProText-Italic.otf */; };
		ED3A3D452B08A21200397452 /* SFProText-Bold.otf in Resources */ = {isa = PBXBuildFile; fileRef = ED3A3D2A2B08A21200397452 /* SFProText-Bold.otf */; };
		ED3A3D462B08A21200397452 /* SFProDisplay-Medium.otf in Resources */ = {isa = PBXBuildFile; fileRef = ED3A3D2C2B08A21200397452 /* SFProDisplay-Medium.otf */; };
		ED3A3D472B08A21200397452 /* SFProDisplay-Black.otf in Resources */ = {isa = PBXBuildFile; fileRef = ED3A3D2D2B08A21200397452 /* SFProDisplay-Black.otf */; };
		ED3A3D482B08A21200397452 /* SFProDisplay-Ultralight.otf in Resources */ = {isa = PBXBuildFile; fileRef = ED3A3D2E2B08A21200397452 /* SFProDisplay-Ultralight.otf */; };
		ED3A3D492B08A21200397452 /* SFProDisplay-Semibold.otf in Resources */ = {isa = PBXBuildFile; fileRef = ED3A3D2F2B08A21200397452 /* SFProDisplay-Semibold.otf */; };
		ED3A3D4A2B08A21200397452 /* SFProDisplay-Heavy.otf in Resources */ = {isa = PBXBuildFile; fileRef = ED3A3D302B08A21200397452 /* SFProDisplay-Heavy.otf */; };
		ED3A3D4B2B08A21200397452 /* SFProDisplay-Thin.otf in Resources */ = {isa = PBXBuildFile; fileRef = ED3A3D312B08A21200397452 /* SFProDisplay-Thin.otf */; };
		ED3A3D4C2B08A21200397452 /* SFProDisplay-Bold.otf in Resources */ = {isa = PBXBuildFile; fileRef = ED3A3D322B08A21200397452 /* SFProDisplay-Bold.otf */; };
		ED3A3D4D2B08A21200397452 /* SFProDisplay-Italic.otf in Resources */ = {isa = PBXBuildFile; fileRef = ED3A3D332B08A21200397452 /* SFProDisplay-Italic.otf */; };
		ED3A3D4E2B08A21200397452 /* SFProDisplay-Regular.otf in Resources */ = {isa = PBXBuildFile; fileRef = ED3A3D342B08A21200397452 /* SFProDisplay-Regular.otf */; };
		ED3A3D4F2B08A21200397452 /* SFProDisplay-Light.otf in Resources */ = {isa = PBXBuildFile; fileRef = ED3A3D352B08A21200397452 /* SFProDisplay-Light.otf */; };
		ED3A3D502B08A21200397452 /* Cairo-ExtraLight.ttf in Resources */ = {isa = PBXBuildFile; fileRef = ED3A3D372B08A21200397452 /* Cairo-ExtraLight.ttf */; };
		ED3A3D512B08A21200397452 /* Cairo-SemiBold.ttf in Resources */ = {isa = PBXBuildFile; fileRef = ED3A3D382B08A21200397452 /* Cairo-SemiBold.ttf */; };
		ED3A3D522B08A21200397452 /* Cairo-Regular.ttf in Resources */ = {isa = PBXBuildFile; fileRef = ED3A3D392B08A21200397452 /* Cairo-Regular.ttf */; };
		ED3A3D532B08A21200397452 /* Cairo-Light.ttf in Resources */ = {isa = PBXBuildFile; fileRef = ED3A3D3A2B08A21200397452 /* Cairo-Light.ttf */; };
		ED3A3D542B08A21200397452 /* Cairo-Black.ttf in Resources */ = {isa = PBXBuildFile; fileRef = ED3A3D3B2B08A21200397452 /* Cairo-Black.ttf */; };
		ED3A3D552B08A21200397452 /* Cairo-Bold.ttf in Resources */ = {isa = PBXBuildFile; fileRef = ED3A3D3C2B08A21200397452 /* Cairo-Bold.ttf */; };
		ED3A3D562B08A21200397452 /* Monaco.ttf in Resources */ = {isa = PBXBuildFile; fileRef = ED3A3D3E2B08A21200397452 /* Monaco.ttf */; };
		ED3A3D5B2B08A23900397452 /* Utilities.swift in Sources */ = {isa = PBXBuildFile; fileRef = ED3A3D582B08A23900397452 /* Utilities.swift */; };
		ED3A3D5C2B08A23900397452 /* NetworkHelper.swift in Sources */ = {isa = PBXBuildFile; fileRef = ED3A3D592B08A23900397452 /* NetworkHelper.swift */; };
		ED3A3D5D2B08A23900397452 /* AccessLayer.swift in Sources */ = {isa = PBXBuildFile; fileRef = ED3A3D5A2B08A23900397452 /* AccessLayer.swift */; };
		ED3A3D5F2B08A32F00397452 /* AppDelegate.swift in Sources */ = {isa = PBXBuildFile; fileRef = ED3A3D5E2B08A32E00397452 /* AppDelegate.swift */; };
		ED3A3D632B08A36500397452 /* AppBaseViewController.swift in Sources */ = {isa = PBXBuildFile; fileRef = ED3A3D622B08A36500397452 /* AppBaseViewController.swift */; };
		ED3A3D6C2B08A38200397452 /* SideMenuTableViewCell.swift in Sources */ = {isa = PBXBuildFile; fileRef = ED3A3D662B08A38200397452 /* SideMenuTableViewCell.swift */; };
		ED3A3D6D2B08A38200397452 /* HeaderSideMenuTableViewCell.xib in Resources */ = {isa = PBXBuildFile; fileRef = ED3A3D672B08A38200397452 /* HeaderSideMenuTableViewCell.xib */; };
		ED3A3D6E2B08A38200397452 /* SideMenuViewController.swift in Sources */ = {isa = PBXBuildFile; fileRef = ED3A3D682B08A38200397452 /* SideMenuViewController.swift */; };
		ED3A3D6F2B08A38200397452 /* HeaderSideMenuTableViewCell.swift in Sources */ = {isa = PBXBuildFile; fileRef = ED3A3D692B08A38200397452 /* HeaderSideMenuTableViewCell.swift */; };
		ED3A3D702B08A38200397452 /* SideMenuTableViewCell.xib in Resources */ = {isa = PBXBuildFile; fileRef = ED3A3D6A2B08A38200397452 /* SideMenuTableViewCell.xib */; };
		ED3A3D712B08A38200397452 /* SideMenu.storyboard in Resources */ = {isa = PBXBuildFile; fileRef = ED3A3D6B2B08A38200397452 /* SideMenu.storyboard */; };
		ED3A3D732B08A3AC00397452 /* Localization.strings in Resources */ = {isa = PBXBuildFile; fileRef = ED3A3D722B08A3AC00397452 /* Localization.strings */; };
		ED3A3D752B08A3E400397452 /* Constants.swift in Sources */ = {isa = PBXBuildFile; fileRef = ED3A3D742B08A3E400397452 /* Constants.swift */; };
		ED3A3D862B08A46D00397452 /* CurrencyConverterViewModel.swift in Sources */ = {isa = PBXBuildFile; fileRef = ED3A3D7A2B08A46C00397452 /* CurrencyConverterViewModel.swift */; };
		ED3A3D872B08A46D00397452 /* CurrencyConverterManager.swift in Sources */ = {isa = PBXBuildFile; fileRef = ED3A3D7C2B08A46C00397452 /* CurrencyConverterManager.swift */; };
		ED3A3D882B08A46D00397452 /* BaseModel.swift in Sources */ = {isa = PBXBuildFile; fileRef = ED3A3D7E2B08A46C00397452 /* BaseModel.swift */; };
		ED3A3D892B08A46D00397452 /* CurrencyConverterViewController.xib in Resources */ = {isa = PBXBuildFile; fileRef = ED3A3D802B08A46C00397452 /* CurrencyConverterViewController.xib */; };
		ED3A3D8A2B08A46D00397452 /* SecondCurrencyViewController.swift in Sources */ = {isa = PBXBuildFile; fileRef = ED3A3D812B08A46C00397452 /* SecondCurrencyViewController.swift */; };
		ED3A3D8B2B08A46D00397452 /* CurrencyTableViewCell.swift in Sources */ = {isa = PBXBuildFile; fileRef = ED3A3D822B08A46C00397452 /* CurrencyTableViewCell.swift */; };
		ED3A3D8C2B08A46D00397452 /* CurrencyTableViewCell.xib in Resources */ = {isa = PBXBuildFile; fileRef = ED3A3D832B08A46C00397452 /* CurrencyTableViewCell.xib */; };
		ED3A3D8D2B08A46D00397452 /* SecondCurrencyViewController.xib in Resources */ = {isa = PBXBuildFile; fileRef = ED3A3D842B08A46C00397452 /* SecondCurrencyViewController.xib */; };
		ED3A3D8E2B08A46D00397452 /* CurrencyConverterViewController.swift in Sources */ = {isa = PBXBuildFile; fileRef = ED3A3D852B08A46C00397452 /* CurrencyConverterViewController.swift */; };
		ED3A3D932B08A4AA00397452 /* AboutArchitectureViewController.xib in Resources */ = {isa = PBXBuildFile; fileRef = ED3A3D912B08A4AA00397452 /* AboutArchitectureViewController.xib */; };
		ED3A3D942B08A4AA00397452 /* AboutArchitectureViewController.swift in Sources */ = {isa = PBXBuildFile; fileRef = ED3A3D922B08A4AA00397452 /* AboutArchitectureViewController.swift */; };
		ED3A3E432B08AB1100397452 /* HomeViewController.xib in Resources */ = {isa = PBXBuildFile; fileRef = ED3A3E412B08AB1100397452 /* HomeViewController.xib */; };
		ED3A3E442B08AB1100397452 /* HomeViewController.swift in Sources */ = {isa = PBXBuildFile; fileRef = ED3A3E422B08AB1100397452 /* HomeViewController.swift */; };
		ED3A3E482B08BDCF00397452 /* LaunchScreen.storyboard in Resources */ = {isa = PBXBuildFile; fileRef = ED3A3E472B08BDCF00397452 /* LaunchScreen.storyboard */; };
		ED3A3E4A2B08BE7100397452 /* Info.plist in Resources */ = {isa = PBXBuildFile; fileRef = ED3A3E492B08BE7100397452 /* Info.plist */; };
		EDE2735E2B089EA500A05B11 /* ContentView.swift in Sources */ = {isa = PBXBuildFile; fileRef = EDE2735D2B089EA500A05B11 /* ContentView.swift */; };
		EDE273602B089EA800A05B11 /* Assets.xcassets in Resources */ = {isa = PBXBuildFile; fileRef = EDE2735F2B089EA800A05B11 /* Assets.xcassets */; };
		EDE273642B089EA800A05B11 /* Preview Assets.xcassets in Resources */ = {isa = PBXBuildFile; fileRef = EDE273632B089EA800A05B11 /* Preview Assets.xcassets */; };
		EDE2736E2B089EA800A05B11 /* PayPayCorp_MobileCodingChallengeTests.swift in Sources */ = {isa = PBXBuildFile; fileRef = EDE2736D2B089EA800A05B11 /* PayPayCorp_MobileCodingChallengeTests.swift */; };
		EDE273782B089EA800A05B11 /* PayPayCorp_MobileCodingChallengeUITests.swift in Sources */ = {isa = PBXBuildFile; fileRef = EDE273772B089EA800A05B11 /* PayPayCorp_MobileCodingChallengeUITests.swift */; };
		EDE2737A2B089EA800A05B11 /* PayPayCorp_MobileCodingChallengeUITestsLaunchTests.swift in Sources */ = {isa = PBXBuildFile; fileRef = EDE273792B089EA800A05B11 /* PayPayCorp_MobileCodingChallengeUITestsLaunchTests.swift */; };
/* End PBXBuildFile section */

/* Begin PBXContainerItemProxy section */
		EDE2736A2B089EA800A05B11 /* PBXContainerItemProxy */ = {
			isa = PBXContainerItemProxy;
			containerPortal = EDE273502B089EA500A05B11 /* Project object */;
			proxyType = 1;
			remoteGlobalIDString = EDE273572B089EA500A05B11;
			remoteInfo = PayPayCorp.MobileCodingChallenge;
		};
		EDE273742B089EA800A05B11 /* PBXContainerItemProxy */ = {
			isa = PBXContainerItemProxy;
			containerPortal = EDE273502B089EA500A05B11 /* Project object */;
			proxyType = 1;
			remoteGlobalIDString = EDE273572B089EA500A05B11;
			remoteInfo = PayPayCorp.MobileCodingChallenge;
		};
/* End PBXContainerItemProxy section */

/* Begin PBXFileReference section */
		200074E3A5DD9A2CD3D5C0E2 /* Pods_PayPayCorp_MobileCodingChallenge_PayPayCorp_MobileCodingChallengeUITests.framework */ = {isa = PBXFileReference; explicitFileType = wrapper.framework; includeInIndex = 0; path = Pods_PayPayCorp_MobileCodingChallenge_PayPayCorp_MobileCodingChallengeUITests.framework; sourceTree = BUILT_PRODUCTS_DIR; };
		2E7DB78B38F92060A147CC77 /* Pods-PayPayCorp.MobileCodingChallenge-PayPayCorp.MobileCodingChallengeUITests.debug.xcconfig */ = {isa = PBXFileReference; includeInIndex = 1; lastKnownFileType = text.xcconfig; name = "Pods-PayPayCorp.MobileCodingChallenge-PayPayCorp.MobileCodingChallengeUITests.debug.xcconfig"; path = "Target Support Files/Pods-PayPayCorp.MobileCodingChallenge-PayPayCorp.MobileCodingChallengeUITests/Pods-PayPayCorp.MobileCodingChallenge-PayPayCorp.MobileCodingChallengeUITests.debug.xcconfig"; sourceTree = "<group>"; };
		5C2DFF47ABCA2440659D1911 /* Pods-PayPayCorp.MobileCodingChallengeTests.debug.xcconfig */ = {isa = PBXFileReference; includeInIndex = 1; lastKnownFileType = text.xcconfig; name = "Pods-PayPayCorp.MobileCodingChallengeTests.debug.xcconfig"; path = "Target Support Files/Pods-PayPayCorp.MobileCodingChallengeTests/Pods-PayPayCorp.MobileCodingChallengeTests.debug.xcconfig"; sourceTree = "<group>"; };
		6E9378DD17D5494849F79C8D /* Pods-PayPayCorp.MobileCodingChallengeTests.release.xcconfig */ = {isa = PBXFileReference; includeInIndex = 1; lastKnownFileType = text.xcconfig; name = "Pods-PayPayCorp.MobileCodingChallengeTests.release.xcconfig"; path = "Target Support Files/Pods-PayPayCorp.MobileCodingChallengeTests/Pods-PayPayCorp.MobileCodingChallengeTests.release.xcconfig"; sourceTree = "<group>"; };
		70B4769043665D51AC099344 /* Pods_PayPayCorp_MobileCodingChallenge.framework */ = {isa = PBXFileReference; explicitFileType = wrapper.framework; includeInIndex = 0; path = Pods_PayPayCorp_MobileCodingChallenge.framework; sourceTree = BUILT_PRODUCTS_DIR; };
		906BE70EB0242038D574DEB1 /* Pods-PayPayCorp.MobileCodingChallenge.debug.xcconfig */ = {isa = PBXFileReference; includeInIndex = 1; lastKnownFileType = text.xcconfig; name = "Pods-PayPayCorp.MobileCodingChallenge.debug.xcconfig"; path = "Target Support Files/Pods-PayPayCorp.MobileCodingChallenge/Pods-PayPayCorp.MobileCodingChallenge.debug.xcconfig"; sourceTree = "<group>"; };
		A4F191CDA5EA1CB45729519D /* Pods-PayPayCorp.MobileCodingChallenge-PayPayCorp.MobileCodingChallengeUITests.release.xcconfig */ = {isa = PBXFileReference; includeInIndex = 1; lastKnownFileType = text.xcconfig; name = "Pods-PayPayCorp.MobileCodingChallenge-PayPayCorp.MobileCodingChallengeUITests.release.xcconfig"; path = "Target Support Files/Pods-PayPayCorp.MobileCodingChallenge-PayPayCorp.MobileCodingChallengeUITests/Pods-PayPayCorp.MobileCodingChallenge-PayPayCorp.MobileCodingChallengeUITests.release.xcconfig"; sourceTree = "<group>"; };
		D29871C931EB9A820E07B971 /* Pods_PayPayCorp_MobileCodingChallengeTests.framework */ = {isa = PBXFileReference; explicitFileType = wrapper.framework; includeInIndex = 0; path = Pods_PayPayCorp_MobileCodingChallengeTests.framework; sourceTree = BUILT_PRODUCTS_DIR; };
		D8E327361AEFD51D5B01C993 /* Pods-PayPayCorp.MobileCodingChallenge.release.xcconfig */ = {isa = PBXFileReference; includeInIndex = 1; lastKnownFileType = text.xcconfig; name = "Pods-PayPayCorp.MobileCodingChallenge.release.xcconfig"; path = "Target Support Files/Pods-PayPayCorp.MobileCodingChallenge/Pods-PayPayCorp.MobileCodingChallenge.release.xcconfig"; sourceTree = "<group>"; };
		ED3A3CFE2B08A1C000397452 /* Observable+Ext.swift */ = {isa = PBXFileReference; fileEncoding = 4; lastKnownFileType = sourcecode.swift; path = "Observable+Ext.swift"; sourceTree = "<group>"; };
		ED3A3CFF2B08A1C000397452 /* AppVersionCheck.swift */ = {isa = PBXFileReference; fileEncoding = 4; lastKnownFileType = sourcecode.swift; path = AppVersionCheck.swift; sourceTree = "<group>"; };
		ED3A3D002B08A1C000397452 /* Reusable.swift */ = {isa = PBXFileReference; fileEncoding = 4; lastKnownFileType = sourcecode.swift; path = Reusable.swift; sourceTree = "<group>"; };
		ED3A3D012B08A1C000397452 /* AppExtensions.swift */ = {isa = PBXFileReference; fileEncoding = 4; lastKnownFileType = sourcecode.swift; path = AppExtensions.swift; sourceTree = "<group>"; };
		ED3A3D022B08A1C100397452 /* UIView+Borders.swift */ = {isa = PBXFileReference; fileEncoding = 4; lastKnownFileType = sourcecode.swift; path = "UIView+Borders.swift"; sourceTree = "<group>"; };
		ED3A3D032B08A1C100397452 /* ErrorTracker.swift */ = {isa = PBXFileReference; fileEncoding = 4; lastKnownFileType = sourcecode.swift; path = ErrorTracker.swift; sourceTree = "<group>"; };
		ED3A3D042B08A1C100397452 /* UIHelper.swift */ = {isa = PBXFileReference; fileEncoding = 4; lastKnownFileType = sourcecode.swift; path = UIHelper.swift; sourceTree = "<group>"; };
		ED3A3D0E2B08A1E000397452 /* STBouncyPreloaderLoading.swift */ = {isa = PBXFileReference; fileEncoding = 4; lastKnownFileType = sourcecode.swift; path = STBouncyPreloaderLoading.swift; sourceTree = "<group>"; };
		ED3A3D0F2B08A1E000397452 /* STArchLoading.swift */ = {isa = PBXFileReference; fileEncoding = 4; lastKnownFileType = sourcecode.swift; path = STArchLoading.swift; sourceTree = "<group>"; };
		ED3A3D102B08A1E000397452 /* STWalkLoading.swift */ = {isa = PBXFileReference; fileEncoding = 4; lastKnownFileType = sourcecode.swift; path = STWalkLoading.swift; sourceTree = "<group>"; };
		ED3A3D112B08A1E000397452 /* STTriangleLoading.swift */ = {isa = PBXFileReference; fileEncoding = 4; lastKnownFileType = sourcecode.swift; path = STTriangleLoading.swift; sourceTree = "<group>"; };
		ED3A3D122B08A1E000397452 /* STGlassesLoading.swift */ = {isa = PBXFileReference; fileEncoding = 4; lastKnownFileType = sourcecode.swift; path = STGlassesLoading.swift; sourceTree = "<group>"; };
		ED3A3D132B08A1E000397452 /* STSubmitLoading.swift */ = {isa = PBXFileReference; fileEncoding = 4; lastKnownFileType = sourcecode.swift; path = STSubmitLoading.swift; sourceTree = "<group>"; };
		ED3A3D142B08A1E000397452 /* STPacManLoading.swift */ = {isa = PBXFileReference; fileEncoding = 4; lastKnownFileType = sourcecode.swift; path = STPacManLoading.swift; sourceTree = "<group>"; };
		ED3A3D152B08A1E000397452 /* STZhiHuLoading.swift */ = {isa = PBXFileReference; fileEncoding = 4; lastKnownFileType = sourcecode.swift; path = STZhiHuLoading.swift; sourceTree = "<group>"; };
		ED3A3D162B08A1E000397452 /* STLoadingGroup.swift */ = {isa = PBXFileReference; fileEncoding = 4; lastKnownFileType = sourcecode.swift; path = STLoadingGroup.swift; sourceTree = "<group>"; };
		ED3A3D172B08A1E000397452 /* STLoadingable.swift */ = {isa = PBXFileReference; fileEncoding = 4; lastKnownFileType = sourcecode.swift; path = STLoadingable.swift; sourceTree = "<group>"; };
		ED3A3D242B08A21200397452 /* SFProText-Regular.otf */ = {isa = PBXFileReference; lastKnownFileType = file; path = "SFProText-Regular.otf"; sourceTree = "<group>"; };
		ED3A3D252B08A21200397452 /* SFProText-Light.otf */ = {isa = PBXFileReference; lastKnownFileType = file; path = "SFProText-Light.otf"; sourceTree = "<group>"; };
		ED3A3D262B08A21200397452 /* SFProText-Semibold.otf */ = {isa = PBXFileReference; lastKnownFileType = file; path = "SFProText-Semibold.otf"; sourceTree = "<group>"; };
		ED3A3D272B08A21200397452 /* SFProText-Medium.otf */ = {isa = PBXFileReference; lastKnownFileType = file; path = "SFProText-Medium.otf"; sourceTree = "<group>"; };
		ED3A3D282B08A21200397452 /* SFProText-Heavy.otf */ = {isa = PBXFileReference; lastKnownFileType = file; path = "SFProText-Heavy.otf"; sourceTree = "<group>"; };
		ED3A3D292B08A21200397452 /* SFProText-Italic.otf */ = {isa = PBXFileReference; lastKnownFileType = file; path = "SFProText-Italic.otf"; sourceTree = "<group>"; };
		ED3A3D2A2B08A21200397452 /* SFProText-Bold.otf */ = {isa = PBXFileReference; lastKnownFileType = file; path = "SFProText-Bold.otf"; sourceTree = "<group>"; };
		ED3A3D2C2B08A21200397452 /* SFProDisplay-Medium.otf */ = {isa = PBXFileReference; lastKnownFileType = file; path = "SFProDisplay-Medium.otf"; sourceTree = "<group>"; };
		ED3A3D2D2B08A21200397452 /* SFProDisplay-Black.otf */ = {isa = PBXFileReference; lastKnownFileType = file; path = "SFProDisplay-Black.otf"; sourceTree = "<group>"; };
		ED3A3D2E2B08A21200397452 /* SFProDisplay-Ultralight.otf */ = {isa = PBXFileReference; lastKnownFileType = file; path = "SFProDisplay-Ultralight.otf"; sourceTree = "<group>"; };
		ED3A3D2F2B08A21200397452 /* SFProDisplay-Semibold.otf */ = {isa = PBXFileReference; lastKnownFileType = file; path = "SFProDisplay-Semibold.otf"; sourceTree = "<group>"; };
		ED3A3D302B08A21200397452 /* SFProDisplay-Heavy.otf */ = {isa = PBXFileReference; lastKnownFileType = file; path = "SFProDisplay-Heavy.otf"; sourceTree = "<group>"; };
		ED3A3D312B08A21200397452 /* SFProDisplay-Thin.otf */ = {isa = PBXFileReference; lastKnownFileType = file; path = "SFProDisplay-Thin.otf"; sourceTree = "<group>"; };
		ED3A3D322B08A21200397452 /* SFProDisplay-Bold.otf */ = {isa = PBXFileReference; lastKnownFileType = file; path = "SFProDisplay-Bold.otf"; sourceTree = "<group>"; };
		ED3A3D332B08A21200397452 /* SFProDisplay-Italic.otf */ = {isa = PBXFileReference; lastKnownFileType = file; path = "SFProDisplay-Italic.otf"; sourceTree = "<group>"; };
		ED3A3D342B08A21200397452 /* SFProDisplay-Regular.otf */ = {isa = PBXFileReference; lastKnownFileType = file; path = "SFProDisplay-Regular.otf"; sourceTree = "<group>"; };
		ED3A3D352B08A21200397452 /* SFProDisplay-Light.otf */ = {isa = PBXFileReference; lastKnownFileType = file; path = "SFProDisplay-Light.otf"; sourceTree = "<group>"; };
		ED3A3D372B08A21200397452 /* Cairo-ExtraLight.ttf */ = {isa = PBXFileReference; lastKnownFileType = file; path = "Cairo-ExtraLight.ttf"; sourceTree = "<group>"; };
		ED3A3D382B08A21200397452 /* Cairo-SemiBold.ttf */ = {isa = PBXFileReference; lastKnownFileType = file; path = "Cairo-SemiBold.ttf"; sourceTree = "<group>"; };
		ED3A3D392B08A21200397452 /* Cairo-Regular.ttf */ = {isa = PBXFileReference; lastKnownFileType = file; path = "Cairo-Regular.ttf"; sourceTree = "<group>"; };
		ED3A3D3A2B08A21200397452 /* Cairo-Light.ttf */ = {isa = PBXFileReference; lastKnownFileType = file; path = "Cairo-Light.ttf"; sourceTree = "<group>"; };
		ED3A3D3B2B08A21200397452 /* Cairo-Black.ttf */ = {isa = PBXFileReference; lastKnownFileType = file; path = "Cairo-Black.ttf"; sourceTree = "<group>"; };
		ED3A3D3C2B08A21200397452 /* Cairo-Bold.ttf */ = {isa = PBXFileReference; lastKnownFileType = file; path = "Cairo-Bold.ttf"; sourceTree = "<group>"; };
		ED3A3D3E2B08A21200397452 /* Monaco.ttf */ = {isa = PBXFileReference; lastKnownFileType = file; path = Monaco.ttf; sourceTree = "<group>"; };
		ED3A3D582B08A23900397452 /* Utilities.swift */ = {isa = PBXFileReference; fileEncoding = 4; lastKnownFileType = sourcecode.swift; path = Utilities.swift; sourceTree = "<group>"; };
		ED3A3D592B08A23900397452 /* NetworkHelper.swift */ = {isa = PBXFileReference; fileEncoding = 4; lastKnownFileType = sourcecode.swift; path = NetworkHelper.swift; sourceTree = "<group>"; };
		ED3A3D5A2B08A23900397452 /* AccessLayer.swift */ = {isa = PBXFileReference; fileEncoding = 4; lastKnownFileType = sourcecode.swift; path = AccessLayer.swift; sourceTree = "<group>"; };
		ED3A3D5E2B08A32E00397452 /* AppDelegate.swift */ = {isa = PBXFileReference; fileEncoding = 4; lastKnownFileType = sourcecode.swift; path = AppDelegate.swift; sourceTree = "<group>"; };
		ED3A3D622B08A36500397452 /* AppBaseViewController.swift */ = {isa = PBXFileReference; fileEncoding = 4; lastKnownFileType = sourcecode.swift; path = AppBaseViewController.swift; sourceTree = "<group>"; };
		ED3A3D662B08A38200397452 /* SideMenuTableViewCell.swift */ = {isa = PBXFileReference; fileEncoding = 4; lastKnownFileType = sourcecode.swift; path = SideMenuTableViewCell.swift; sourceTree = "<group>"; };
		ED3A3D672B08A38200397452 /* HeaderSideMenuTableViewCell.xib */ = {isa = PBXFileReference; fileEncoding = 4; lastKnownFileType = file.xib; path = HeaderSideMenuTableViewCell.xib; sourceTree = "<group>"; };
		ED3A3D682B08A38200397452 /* SideMenuViewController.swift */ = {isa = PBXFileReference; fileEncoding = 4; lastKnownFileType = sourcecode.swift; path = SideMenuViewController.swift; sourceTree = "<group>"; };
		ED3A3D692B08A38200397452 /* HeaderSideMenuTableViewCell.swift */ = {isa = PBXFileReference; fileEncoding = 4; lastKnownFileType = sourcecode.swift; path = HeaderSideMenuTableViewCell.swift; sourceTree = "<group>"; };
		ED3A3D6A2B08A38200397452 /* SideMenuTableViewCell.xib */ = {isa = PBXFileReference; fileEncoding = 4; lastKnownFileType = file.xib; path = SideMenuTableViewCell.xib; sourceTree = "<group>"; };
		ED3A3D6B2B08A38200397452 /* SideMenu.storyboard */ = {isa = PBXFileReference; fileEncoding = 4; lastKnownFileType = file.storyboard; path = SideMenu.storyboard; sourceTree = "<group>"; };
		ED3A3D722B08A3AC00397452 /* Localization.strings */ = {isa = PBXFileReference; fileEncoding = 4; lastKnownFileType = text.plist.strings; path = Localization.strings; sourceTree = "<group>"; };
		ED3A3D742B08A3E400397452 /* Constants.swift */ = {isa = PBXFileReference; fileEncoding = 4; lastKnownFileType = sourcecode.swift; path = Constants.swift; sourceTree = "<group>"; };
		ED3A3D7A2B08A46C00397452 /* CurrencyConverterViewModel.swift */ = {isa = PBXFileReference; fileEncoding = 4; lastKnownFileType = sourcecode.swift; path = CurrencyConverterViewModel.swift; sourceTree = "<group>"; };
		ED3A3D7C2B08A46C00397452 /* CurrencyConverterManager.swift */ = {isa = PBXFileReference; fileEncoding = 4; lastKnownFileType = sourcecode.swift; path = CurrencyConverterManager.swift; sourceTree = "<group>"; };
		ED3A3D7E2B08A46C00397452 /* BaseModel.swift */ = {isa = PBXFileReference; fileEncoding = 4; lastKnownFileType = sourcecode.swift; path = BaseModel.swift; sourceTree = "<group>"; };
		ED3A3D802B08A46C00397452 /* CurrencyConverterViewController.xib */ = {isa = PBXFileReference; fileEncoding = 4; lastKnownFileType = file.xib; path = CurrencyConverterViewController.xib; sourceTree = "<group>"; };
		ED3A3D812B08A46C00397452 /* SecondCurrencyViewController.swift */ = {isa = PBXFileReference; fileEncoding = 4; lastKnownFileType = sourcecode.swift; path = SecondCurrencyViewController.swift; sourceTree = "<group>"; };
		ED3A3D822B08A46C00397452 /* CurrencyTableViewCell.swift */ = {isa = PBXFileReference; fileEncoding = 4; lastKnownFileType = sourcecode.swift; path = CurrencyTableViewCell.swift; sourceTree = "<group>"; };
		ED3A3D832B08A46C00397452 /* CurrencyTableViewCell.xib */ = {isa = PBXFileReference; fileEncoding = 4; lastKnownFileType = file.xib; path = CurrencyTableViewCell.xib; sourceTree = "<group>"; };
		ED3A3D842B08A46C00397452 /* SecondCurrencyViewController.xib */ = {isa = PBXFileReference; fileEncoding = 4; lastKnownFileType = file.xib; path = SecondCurrencyViewController.xib; sourceTree = "<group>"; };
		ED3A3D852B08A46C00397452 /* CurrencyConverterViewController.swift */ = {isa = PBXFileReference; fileEncoding = 4; lastKnownFileType = sourcecode.swift; path = CurrencyConverterViewController.swift; sourceTree = "<group>"; };
		ED3A3D912B08A4AA00397452 /* AboutArchitectureViewController.xib */ = {isa = PBXFileReference; fileEncoding = 4; lastKnownFileType = file.xib; path = AboutArchitectureViewController.xib; sourceTree = "<group>"; };
		ED3A3D922B08A4AA00397452 /* AboutArchitectureViewController.swift */ = {isa = PBXFileReference; fileEncoding = 4; lastKnownFileType = sourcecode.swift; path = AboutArchitectureViewController.swift; sourceTree = "<group>"; };
		ED3A3E412B08AB1100397452 /* HomeViewController.xib */ = {isa = PBXFileReference; fileEncoding = 4; lastKnownFileType = file.xib; path = HomeViewController.xib; sourceTree = "<group>"; };
		ED3A3E422B08AB1100397452 /* HomeViewController.swift */ = {isa = PBXFileReference; fileEncoding = 4; lastKnownFileType = sourcecode.swift; path = HomeViewController.swift; sourceTree = "<group>"; };
		ED3A3E472B08BDCF00397452 /* LaunchScreen.storyboard */ = {isa = PBXFileReference; fileEncoding = 4; lastKnownFileType = file.storyboard; path = LaunchScreen.storyboard; sourceTree = "<group>"; };
		ED3A3E492B08BE7100397452 /* Info.plist */ = {isa = PBXFileReference; lastKnownFileType = text.plist.xml; path = Info.plist; sourceTree = "<group>"; };
		EDE273582B089EA500A05B11 /* PayPayCorp.MobileCodingChallenge.app */ = {isa = PBXFileReference; explicitFileType = wrapper.application; includeInIndex = 0; path = PayPayCorp.MobileCodingChallenge.app; sourceTree = BUILT_PRODUCTS_DIR; };
		EDE2735D2B089EA500A05B11 /* ContentView.swift */ = {isa = PBXFileReference; lastKnownFileType = sourcecode.swift; path = ContentView.swift; sourceTree = "<group>"; };
		EDE2735F2B089EA800A05B11 /* Assets.xcassets */ = {isa = PBXFileReference; lastKnownFileType = folder.assetcatalog; path = Assets.xcassets; sourceTree = "<group>"; };
		EDE273632B089EA800A05B11 /* Preview Assets.xcassets */ = {isa = PBXFileReference; lastKnownFileType = folder.assetcatalog; path = "Preview Assets.xcassets"; sourceTree = "<group>"; };
		EDE273692B089EA800A05B11 /* PayPayCorp.MobileCodingChallengeTests.xctest */ = {isa = PBXFileReference; explicitFileType = wrapper.cfbundle; includeInIndex = 0; path = PayPayCorp.MobileCodingChallengeTests.xctest; sourceTree = BUILT_PRODUCTS_DIR; };
		EDE2736D2B089EA800A05B11 /* PayPayCorp_MobileCodingChallengeTests.swift */ = {isa = PBXFileReference; lastKnownFileType = sourcecode.swift; path = PayPayCorp_MobileCodingChallengeTests.swift; sourceTree = "<group>"; };
		EDE273732B089EA800A05B11 /* PayPayCorp.MobileCodingChallengeUITests.xctest */ = {isa = PBXFileReference; explicitFileType = wrapper.cfbundle; includeInIndex = 0; path = PayPayCorp.MobileCodingChallengeUITests.xctest; sourceTree = BUILT_PRODUCTS_DIR; };
		EDE273772B089EA800A05B11 /* PayPayCorp_MobileCodingChallengeUITests.swift */ = {isa = PBXFileReference; lastKnownFileType = sourcecode.swift; path = PayPayCorp_MobileCodingChallengeUITests.swift; sourceTree = "<group>"; };
		EDE273792B089EA800A05B11 /* PayPayCorp_MobileCodingChallengeUITestsLaunchTests.swift */ = {isa = PBXFileReference; lastKnownFileType = sourcecode.swift; path = PayPayCorp_MobileCodingChallengeUITestsLaunchTests.swift; sourceTree = "<group>"; };
/* End PBXFileReference section */

/* Begin PBXFrameworksBuildPhase section */
		EDE273552B089EA500A05B11 /* Frameworks */ = {
			isa = PBXFrameworksBuildPhase;
			buildActionMask = 2147483647;
			files = (
				843B9012D50DD5E4B8CE8657 /* Pods_PayPayCorp_MobileCodingChallenge.framework in Frameworks */,
			);
			runOnlyForDeploymentPostprocessing = 0;
		};
		EDE273662B089EA800A05B11 /* Frameworks */ = {
			isa = PBXFrameworksBuildPhase;
			buildActionMask = 2147483647;
			files = (
				168472382A358A6C35EAEA97 /* Pods_PayPayCorp_MobileCodingChallengeTests.framework in Frameworks */,
			);
			runOnlyForDeploymentPostprocessing = 0;
		};
		EDE273702B089EA800A05B11 /* Frameworks */ = {
			isa = PBXFrameworksBuildPhase;
			buildActionMask = 2147483647;
			files = (
				9C4503563C7B85CFACFF2431 /* Pods_PayPayCorp_MobileCodingChallenge_PayPayCorp_MobileCodingChallengeUITests.framework in Frameworks */,
			);
			runOnlyForDeploymentPostprocessing = 0;
		};
/* End PBXFrameworksBuildPhase section */

/* Begin PBXGroup section */
		448F64DE57F18DF3EB03CD37 /* Pods */ = {
			isa = PBXGroup;
			children = (
				906BE70EB0242038D574DEB1 /* Pods-PayPayCorp.MobileCodingChallenge.debug.xcconfig */,
				D8E327361AEFD51D5B01C993 /* Pods-PayPayCorp.MobileCodingChallenge.release.xcconfig */,
				2E7DB78B38F92060A147CC77 /* Pods-PayPayCorp.MobileCodingChallenge-PayPayCorp.MobileCodingChallengeUITests.debug.xcconfig */,
				A4F191CDA5EA1CB45729519D /* Pods-PayPayCorp.MobileCodingChallenge-PayPayCorp.MobileCodingChallengeUITests.release.xcconfig */,
				5C2DFF47ABCA2440659D1911 /* Pods-PayPayCorp.MobileCodingChallengeTests.debug.xcconfig */,
				6E9378DD17D5494849F79C8D /* Pods-PayPayCorp.MobileCodingChallengeTests.release.xcconfig */,
			);
			path = Pods;
			sourceTree = "<group>";
		};
		5CF3045E7910495C1A55183C /* Frameworks */ = {
			isa = PBXGroup;
			children = (
				70B4769043665D51AC099344 /* Pods_PayPayCorp_MobileCodingChallenge.framework */,
				200074E3A5DD9A2CD3D5C0E2 /* Pods_PayPayCorp_MobileCodingChallenge_PayPayCorp_MobileCodingChallengeUITests.framework */,
				D29871C931EB9A820E07B971 /* Pods_PayPayCorp_MobileCodingChallengeTests.framework */,
			);
			name = Frameworks;
			sourceTree = "<group>";
		};
		ED3A3CFD2B08A15300397452 /* AppUtils */ = {
			isa = PBXGroup;
			children = (
				ED3A3D0C2B08A1E000397452 /* LoadingBar */,
				ED3A3D012B08A1C000397452 /* AppExtensions.swift */,
				ED3A3CFF2B08A1C000397452 /* AppVersionCheck.swift */,
				ED3A3D032B08A1C100397452 /* ErrorTracker.swift */,
				ED3A3CFE2B08A1C000397452 /* Observable+Ext.swift */,
				ED3A3D002B08A1C000397452 /* Reusable.swift */,
				ED3A3D042B08A1C100397452 /* UIHelper.swift */,
				ED3A3D022B08A1C100397452 /* UIView+Borders.swift */,
			);
			path = AppUtils;
			sourceTree = "<group>";
		};
		ED3A3D0C2B08A1E000397452 /* LoadingBar */ = {
			isa = PBXGroup;
			children = (
				ED3A3D0D2B08A1E000397452 /* Loading */,
				ED3A3D162B08A1E000397452 /* STLoadingGroup.swift */,
				ED3A3D172B08A1E000397452 /* STLoadingable.swift */,
			);
			path = LoadingBar;
			sourceTree = "<group>";
		};
		ED3A3D0D2B08A1E000397452 /* Loading */ = {
			isa = PBXGroup;
			children = (
				ED3A3D0E2B08A1E000397452 /* STBouncyPreloaderLoading.swift */,
				ED3A3D0F2B08A1E000397452 /* STArchLoading.swift */,
				ED3A3D102B08A1E000397452 /* STWalkLoading.swift */,
				ED3A3D112B08A1E000397452 /* STTriangleLoading.swift */,
				ED3A3D122B08A1E000397452 /* STGlassesLoading.swift */,
				ED3A3D132B08A1E000397452 /* STSubmitLoading.swift */,
				ED3A3D142B08A1E000397452 /* STPacManLoading.swift */,
				ED3A3D152B08A1E000397452 /* STZhiHuLoading.swift */,
			);
			path = Loading;
			sourceTree = "<group>";
		};
		ED3A3D222B08A21200397452 /* Fonts */ = {
			isa = PBXGroup;
			children = (
				ED3A3D232B08A21200397452 /* SFProText */,
				ED3A3D2B2B08A21200397452 /* SFProDisplay */,
				ED3A3D362B08A21200397452 /* Cairo */,
				ED3A3D3D2B08A21200397452 /* Monaco */,
			);
			path = Fonts;
			sourceTree = "<group>";
		};
		ED3A3D232B08A21200397452 /* SFProText */ = {
			isa = PBXGroup;
			children = (
				ED3A3D242B08A21200397452 /* SFProText-Regular.otf */,
				ED3A3D252B08A21200397452 /* SFProText-Light.otf */,
				ED3A3D262B08A21200397452 /* SFProText-Semibold.otf */,
				ED3A3D272B08A21200397452 /* SFProText-Medium.otf */,
				ED3A3D282B08A21200397452 /* SFProText-Heavy.otf */,
				ED3A3D292B08A21200397452 /* SFProText-Italic.otf */,
				ED3A3D2A2B08A21200397452 /* SFProText-Bold.otf */,
			);
			path = SFProText;
			sourceTree = "<group>";
		};
		ED3A3D2B2B08A21200397452 /* SFProDisplay */ = {
			isa = PBXGroup;
			children = (
				ED3A3D2C2B08A21200397452 /* SFProDisplay-Medium.otf */,
				ED3A3D2D2B08A21200397452 /* SFProDisplay-Black.otf */,
				ED3A3D2E2B08A21200397452 /* SFProDisplay-Ultralight.otf */,
				ED3A3D2F2B08A21200397452 /* SFProDisplay-Semibold.otf */,
				ED3A3D302B08A21200397452 /* SFProDisplay-Heavy.otf */,
				ED3A3D312B08A21200397452 /* SFProDisplay-Thin.otf */,
				ED3A3D322B08A21200397452 /* SFProDisplay-Bold.otf */,
				ED3A3D332B08A21200397452 /* SFProDisplay-Italic.otf */,
				ED3A3D342B08A21200397452 /* SFProDisplay-Regular.otf */,
				ED3A3D352B08A21200397452 /* SFProDisplay-Light.otf */,
			);
			path = SFProDisplay;
			sourceTree = "<group>";
		};
		ED3A3D362B08A21200397452 /* Cairo */ = {
			isa = PBXGroup;
			children = (
				ED3A3D372B08A21200397452 /* Cairo-ExtraLight.ttf */,
				ED3A3D382B08A21200397452 /* Cairo-SemiBold.ttf */,
				ED3A3D392B08A21200397452 /* Cairo-Regular.ttf */,
				ED3A3D3A2B08A21200397452 /* Cairo-Light.ttf */,
				ED3A3D3B2B08A21200397452 /* Cairo-Black.ttf */,
				ED3A3D3C2B08A21200397452 /* Cairo-Bold.ttf */,
			);
			path = Cairo;
			sourceTree = "<group>";
		};
		ED3A3D3D2B08A21200397452 /* Monaco */ = {
			isa = PBXGroup;
			children = (
				ED3A3D3E2B08A21200397452 /* Monaco.ttf */,
			);
			path = Monaco;
			sourceTree = "<group>";
		};
		ED3A3D572B08A23800397452 /* SupportingClasses */ = {
			isa = PBXGroup;
			children = (
				ED3A3D582B08A23900397452 /* Utilities.swift */,
				ED3A3D592B08A23900397452 /* NetworkHelper.swift */,
				ED3A3D5A2B08A23900397452 /* AccessLayer.swift */,
			);
			path = SupportingClasses;
			sourceTree = "<group>";
		};
		ED3A3D602B08A36500397452 /* BaseView */ = {
			isa = PBXGroup;
			children = (
				ED3A3D612B08A36500397452 /* Views */,
			);
			path = BaseView;
			sourceTree = "<group>";
		};
		ED3A3D612B08A36500397452 /* Views */ = {
			isa = PBXGroup;
			children = (
				ED3A3D622B08A36500397452 /* AppBaseViewController.swift */,
			);
			path = Views;
			sourceTree = "<group>";
		};
		ED3A3D642B08A38200397452 /* SideMenu */ = {
			isa = PBXGroup;
			children = (
				ED3A3D652B08A38200397452 /* Views */,
			);
			path = SideMenu;
			sourceTree = "<group>";
		};
		ED3A3D652B08A38200397452 /* Views */ = {
			isa = PBXGroup;
			children = (
				ED3A3D672B08A38200397452 /* HeaderSideMenuTableViewCell.xib */,
				ED3A3D692B08A38200397452 /* HeaderSideMenuTableViewCell.swift */,
				ED3A3D682B08A38200397452 /* SideMenuViewController.swift */,
				ED3A3D6A2B08A38200397452 /* SideMenuTableViewCell.xib */,
				ED3A3D662B08A38200397452 /* SideMenuTableViewCell.swift */,
				ED3A3D6B2B08A38200397452 /* SideMenu.storyboard */,
			);
			path = Views;
			sourceTree = "<group>";
		};
		ED3A3D782B08A46C00397452 /* Currency Converter */ = {
			isa = PBXGroup;
			children = (
				ED3A3D792B08A46C00397452 /* ViewModel */,
				ED3A3D7B2B08A46C00397452 /* BackendManager */,
				ED3A3D7D2B08A46C00397452 /* Model */,
				ED3A3D7F2B08A46C00397452 /* Views */,
			);
			path = "Currency Converter";
			sourceTree = "<group>";
		};
		ED3A3D792B08A46C00397452 /* ViewModel */ = {
			isa = PBXGroup;
			children = (
				ED3A3D7A2B08A46C00397452 /* CurrencyConverterViewModel.swift */,
			);
			path = ViewModel;
			sourceTree = "<group>";
		};
		ED3A3D7B2B08A46C00397452 /* BackendManager */ = {
			isa = PBXGroup;
			children = (
				ED3A3D7C2B08A46C00397452 /* CurrencyConverterManager.swift */,
			);
			path = BackendManager;
			sourceTree = "<group>";
		};
		ED3A3D7D2B08A46C00397452 /* Model */ = {
			isa = PBXGroup;
			children = (
				ED3A3D7E2B08A46C00397452 /* BaseModel.swift */,
			);
			path = Model;
			sourceTree = "<group>";
		};
		ED3A3D7F2B08A46C00397452 /* Views */ = {
			isa = PBXGroup;
			children = (
				ED3A3D812B08A46C00397452 /* SecondCurrencyViewController.swift */,
				ED3A3D842B08A46C00397452 /* SecondCurrencyViewController.xib */,
				ED3A3D822B08A46C00397452 /* CurrencyTableViewCell.swift */,
				ED3A3D832B08A46C00397452 /* CurrencyTableViewCell.xib */,
				ED3A3D852B08A46C00397452 /* CurrencyConverterViewController.swift */,
				ED3A3D802B08A46C00397452 /* CurrencyConverterViewController.xib */,
			);
			path = Views;
			sourceTree = "<group>";
		};
		ED3A3D8F2B08A4AA00397452 /* About Architecture */ = {
			isa = PBXGroup;
			children = (
				ED3A3D902B08A4AA00397452 /* Views */,
			);
			path = "About Architecture";
			sourceTree = "<group>";
		};
		ED3A3D902B08A4AA00397452 /* Views */ = {
			isa = PBXGroup;
			children = (
				ED3A3D912B08A4AA00397452 /* AboutArchitectureViewController.xib */,
				ED3A3D922B08A4AA00397452 /* AboutArchitectureViewController.swift */,
			);
			path = Views;
			sourceTree = "<group>";
		};
		ED3A3E3F2B08AB1100397452 /* Home */ = {
			isa = PBXGroup;
			children = (
				ED3A3E402B08AB1100397452 /* Views */,
			);
			path = Home;
			sourceTree = "<group>";
		};
		ED3A3E402B08AB1100397452 /* Views */ = {
			isa = PBXGroup;
			children = (
				ED3A3E412B08AB1100397452 /* HomeViewController.xib */,
				ED3A3E422B08AB1100397452 /* HomeViewController.swift */,
			);
			path = Views;
			sourceTree = "<group>";
		};
		EDE2734F2B089EA500A05B11 = {
			isa = PBXGroup;
			children = (
				EDE2735A2B089EA500A05B11 /* PayPayCorp.MobileCodingChallenge */,
				EDE2736C2B089EA800A05B11 /* PayPayCorp.MobileCodingChallengeTests */,
				EDE273762B089EA800A05B11 /* PayPayCorp.MobileCodingChallengeUITests */,
				EDE273592B089EA500A05B11 /* Products */,
				448F64DE57F18DF3EB03CD37 /* Pods */,
				5CF3045E7910495C1A55183C /* Frameworks */,
			);
			sourceTree = "<group>";
		};
		EDE273592B089EA500A05B11 /* Products */ = {
			isa = PBXGroup;
			children = (
				EDE273582B089EA500A05B11 /* PayPayCorp.MobileCodingChallenge.app */,
				EDE273692B089EA800A05B11 /* PayPayCorp.MobileCodingChallengeTests.xctest */,
				EDE273732B089EA800A05B11 /* PayPayCorp.MobileCodingChallengeUITests.xctest */,
			);
			name = Products;
			sourceTree = "<group>";
		};
		EDE2735A2B089EA500A05B11 /* PayPayCorp.MobileCodingChallenge */ = {
			isa = PBXGroup;
			children = (
				ED3A3E492B08BE7100397452 /* Info.plist */,
				ED3A3E472B08BDCF00397452 /* LaunchScreen.storyboard */,
				ED3A3D5E2B08A32E00397452 /* AppDelegate.swift */,
				ED3A3D572B08A23800397452 /* SupportingClasses */,
				ED3A3D602B08A36500397452 /* BaseView */,
				ED3A3E3F2B08AB1100397452 /* Home */,
				ED3A3D642B08A38200397452 /* SideMenu */,
				ED3A3D782B08A46C00397452 /* Currency Converter */,
				ED3A3D8F2B08A4AA00397452 /* About Architecture */,
				ED3A3CFD2B08A15300397452 /* AppUtils */,
				ED3A3D222B08A21200397452 /* Fonts */,
				ED3A3D722B08A3AC00397452 /* Localization.strings */,
				ED3A3D742B08A3E400397452 /* Constants.swift */,
				EDE2735D2B089EA500A05B11 /* ContentView.swift */,
				EDE2735F2B089EA800A05B11 /* Assets.xcassets */,
				EDE273622B089EA800A05B11 /* Preview Content */,
			);
			path = PayPayCorp.MobileCodingChallenge;
			sourceTree = "<group>";
		};
		EDE273622B089EA800A05B11 /* Preview Content */ = {
			isa = PBXGroup;
			children = (
				EDE273632B089EA800A05B11 /* Preview Assets.xcassets */,
			);
			path = "Preview Content";
			sourceTree = "<group>";
		};
		EDE2736C2B089EA800A05B11 /* PayPayCorp.MobileCodingChallengeTests */ = {
			isa = PBXGroup;
			children = (
				EDE2736D2B089EA800A05B11 /* PayPayCorp_MobileCodingChallengeTests.swift */,
			);
			path = PayPayCorp.MobileCodingChallengeTests;
			sourceTree = "<group>";
		};
		EDE273762B089EA800A05B11 /* PayPayCorp.MobileCodingChallengeUITests */ = {
			isa = PBXGroup;
			children = (
				EDE273772B089EA800A05B11 /* PayPayCorp_MobileCodingChallengeUITests.swift */,
				EDE273792B089EA800A05B11 /* PayPayCorp_MobileCodingChallengeUITestsLaunchTests.swift */,
			);
			path = PayPayCorp.MobileCodingChallengeUITests;
			sourceTree = "<group>";
		};
/* End PBXGroup section */

/* Begin PBXNativeTarget section */
		EDE273572B089EA500A05B11 /* PayPayCorp.MobileCodingChallenge */ = {
			isa = PBXNativeTarget;
			buildConfigurationList = EDE2737D2B089EA800A05B11 /* Build configuration list for PBXNativeTarget "PayPayCorp.MobileCodingChallenge" */;
			buildPhases = (
				3292FB14954A73353841EA0B /* [CP] Check Pods Manifest.lock */,
				EDE273542B089EA500A05B11 /* Sources */,
				EDE273552B089EA500A05B11 /* Frameworks */,
				EDE273562B089EA500A05B11 /* Resources */,
				0C954DADEB17425C4B3159B5 /* [CP] Embed Pods Frameworks */,
			);
			buildRules = (
			);
			dependencies = (
			);
			name = PayPayCorp.MobileCodingChallenge;
			productName = PayPayCorp.MobileCodingChallenge;
			productReference = EDE273582B089EA500A05B11 /* PayPayCorp.MobileCodingChallenge.app */;
			productType = "com.apple.product-type.application";
		};
		EDE273682B089EA800A05B11 /* PayPayCorp.MobileCodingChallengeTests */ = {
			isa = PBXNativeTarget;
			buildConfigurationList = EDE273802B089EA800A05B11 /* Build configuration list for PBXNativeTarget "PayPayCorp.MobileCodingChallengeTests" */;
			buildPhases = (
				FEC78115CE40B6EBC8FC5E7D /* [CP] Check Pods Manifest.lock */,
				EDE273652B089EA800A05B11 /* Sources */,
				EDE273662B089EA800A05B11 /* Frameworks */,
				EDE273672B089EA800A05B11 /* Resources */,
			);
			buildRules = (
			);
			dependencies = (
				EDE2736B2B089EA800A05B11 /* PBXTargetDependency */,
			);
			name = PayPayCorp.MobileCodingChallengeTests;
			productName = PayPayCorp.MobileCodingChallengeTests;
			productReference = EDE273692B089EA800A05B11 /* PayPayCorp.MobileCodingChallengeTests.xctest */;
			productType = "com.apple.product-type.bundle.unit-test";
		};
		EDE273722B089EA800A05B11 /* PayPayCorp.MobileCodingChallengeUITests */ = {
			isa = PBXNativeTarget;
			buildConfigurationList = EDE273832B089EA800A05B11 /* Build configuration list for PBXNativeTarget "PayPayCorp.MobileCodingChallengeUITests" */;
			buildPhases = (
				C4D564D66A69CD731419CD77 /* [CP] Check Pods Manifest.lock */,
				EDE2736F2B089EA800A05B11 /* Sources */,
				EDE273702B089EA800A05B11 /* Frameworks */,
				EDE273712B089EA800A05B11 /* Resources */,
				05C0B16AF619813223015B52 /* [CP] Embed Pods Frameworks */,
			);
			buildRules = (
			);
			dependencies = (
				EDE273752B089EA800A05B11 /* PBXTargetDependency */,
			);
			name = PayPayCorp.MobileCodingChallengeUITests;
			productName = PayPayCorp.MobileCodingChallengeUITests;
			productReference = EDE273732B089EA800A05B11 /* PayPayCorp.MobileCodingChallengeUITests.xctest */;
			productType = "com.apple.product-type.bundle.ui-testing";
		};
/* End PBXNativeTarget section */

/* Begin PBXProject section */
		EDE273502B089EA500A05B11 /* Project object */ = {
			isa = PBXProject;
			attributes = {
				BuildIndependentTargetsInParallel = 1;
				LastSwiftUpdateCheck = 1500;
				LastUpgradeCheck = 1500;
				TargetAttributes = {
					EDE273572B089EA500A05B11 = {
						CreatedOnToolsVersion = 15.0.1;
					};
					EDE273682B089EA800A05B11 = {
						CreatedOnToolsVersion = 15.0.1;
						TestTargetID = EDE273572B089EA500A05B11;
					};
					EDE273722B089EA800A05B11 = {
						CreatedOnToolsVersion = 15.0.1;
						TestTargetID = EDE273572B089EA500A05B11;
					};
				};
			};
			buildConfigurationList = EDE273532B089EA500A05B11 /* Build configuration list for PBXProject "PayPayCorp.MobileCodingChallenge" */;
			compatibilityVersion = "Xcode 14.0";
			developmentRegion = en;
			hasScannedForEncodings = 0;
			knownRegions = (
				en,
				Base,
			);
			mainGroup = EDE2734F2B089EA500A05B11;
			productRefGroup = EDE273592B089EA500A05B11 /* Products */;
			projectDirPath = "";
			projectRoot = "";
			targets = (
				EDE273572B089EA500A05B11 /* PayPayCorp.MobileCodingChallenge */,
				EDE273682B089EA800A05B11 /* PayPayCorp.MobileCodingChallengeTests */,
				EDE273722B089EA800A05B11 /* PayPayCorp.MobileCodingChallengeUITests */,
			);
		};
/* End PBXProject section */

/* Begin PBXResourcesBuildPhase section */
		EDE273562B089EA500A05B11 /* Resources */ = {
			isa = PBXResourcesBuildPhase;
			buildActionMask = 2147483647;
			files = (
				ED3A3D712B08A38200397452 /* SideMenu.storyboard in Resources */,
				ED3A3D452B08A21200397452 /* SFProText-Bold.otf in Resources */,
				ED3A3D6D2B08A38200397452 /* HeaderSideMenuTableViewCell.xib in Resources */,
				ED3A3E432B08AB1100397452 /* HomeViewController.xib in Resources */,
				ED3A3D552B08A21200397452 /* Cairo-Bold.ttf in Resources */,
				EDE273642B089EA800A05B11 /* Preview Assets.xcassets in Resources */,
				ED3A3D8C2B08A46D00397452 /* CurrencyTableViewCell.xib in Resources */,
				ED3A3D932B08A4AA00397452 /* AboutArchitectureViewController.xib in Resources */,
				ED3A3D4E2B08A21200397452 /* SFProDisplay-Regular.otf in Resources */,
				ED3A3E482B08BDCF00397452 /* LaunchScreen.storyboard in Resources */,
				ED3A3D892B08A46D00397452 /* CurrencyConverterViewController.xib in Resources */,
				ED3A3D3F2B08A21200397452 /* SFProText-Regular.otf in Resources */,
				ED3A3D732B08A3AC00397452 /* Localization.strings in Resources */,
				ED3A3D8D2B08A46D00397452 /* SecondCurrencyViewController.xib in Resources */,
				ED3A3D422B08A21200397452 /* SFProText-Medium.otf in Resources */,
				ED3A3D462B08A21200397452 /* SFProDisplay-Medium.otf in Resources */,
				ED3A3D522B08A21200397452 /* Cairo-Regular.ttf in Resources */,
				ED3A3D402B08A21200397452 /* SFProText-Light.otf in Resources */,
				ED3A3D4F2B08A21200397452 /* SFProDisplay-Light.otf in Resources */,
				ED3A3D532B08A21200397452 /* Cairo-Light.ttf in Resources */,
				ED3A3D412B08A21200397452 /* SFProText-Semibold.otf in Resources */,
				ED3A3D4A2B08A21200397452 /* SFProDisplay-Heavy.otf in Resources */,
				ED3A3D482B08A21200397452 /* SFProDisplay-Ultralight.otf in Resources */,
				ED3A3D502B08A21200397452 /* Cairo-ExtraLight.ttf in Resources */,
				ED3A3D442B08A21200397452 /* SFProText-Italic.otf in Resources */,
				ED3A3D4C2B08A21200397452 /* SFProDisplay-Bold.otf in Resources */,
				ED3A3D432B08A21200397452 /* SFProText-Heavy.otf in Resources */,
				ED3A3D4B2B08A21200397452 /* SFProDisplay-Thin.otf in Resources */,
				ED3A3D472B08A21200397452 /* SFProDisplay-Black.otf in Resources */,
				ED3A3D542B08A21200397452 /* Cairo-Black.ttf in Resources */,
				ED3A3D4D2B08A21200397452 /* SFProDisplay-Italic.otf in Resources */,
				ED3A3D702B08A38200397452 /* SideMenuTableViewCell.xib in Resources */,
				ED3A3D492B08A21200397452 /* SFProDisplay-Semibold.otf in Resources */,
				ED3A3D562B08A21200397452 /* Monaco.ttf in Resources */,
				ED3A3E4A2B08BE7100397452 /* Info.plist in Resources */,
				EDE273602B089EA800A05B11 /* Assets.xcassets in Resources */,
				ED3A3D512B08A21200397452 /* Cairo-SemiBold.ttf in Resources */,
			);
			runOnlyForDeploymentPostprocessing = 0;
		};
		EDE273672B089EA800A05B11 /* Resources */ = {
			isa = PBXResourcesBuildPhase;
			buildActionMask = 2147483647;
			files = (
			);
			runOnlyForDeploymentPostprocessing = 0;
		};
		EDE273712B089EA800A05B11 /* Resources */ = {
			isa = PBXResourcesBuildPhase;
			buildActionMask = 2147483647;
			files = (
			);
			runOnlyForDeploymentPostprocessing = 0;
		};
/* End PBXResourcesBuildPhase section */

/* Begin PBXShellScriptBuildPhase section */
		05C0B16AF619813223015B52 /* [CP] Embed Pods Frameworks */ = {
			isa = PBXShellScriptBuildPhase;
			buildActionMask = 2147483647;
			files = (
			);
			inputFileListPaths = (
				"${PODS_ROOT}/Target Support Files/Pods-PayPayCorp.MobileCodingChallenge-PayPayCorp.MobileCodingChallengeUITests/Pods-PayPayCorp.MobileCodingChallenge-PayPayCorp.MobileCodingChallengeUITests-frameworks-${CONFIGURATION}-input-files.xcfilelist",
			);
			name = "[CP] Embed Pods Frameworks";
			outputFileListPaths = (
				"${PODS_ROOT}/Target Support Files/Pods-PayPayCorp.MobileCodingChallenge-PayPayCorp.MobileCodingChallengeUITests/Pods-PayPayCorp.MobileCodingChallenge-PayPayCorp.MobileCodingChallengeUITests-frameworks-${CONFIGURATION}-output-files.xcfilelist",
			);
			runOnlyForDeploymentPostprocessing = 0;
			shellPath = /bin/sh;
			shellScript = "\"${PODS_ROOT}/Target Support Files/Pods-PayPayCorp.MobileCodingChallenge-PayPayCorp.MobileCodingChallengeUITests/Pods-PayPayCorp.MobileCodingChallenge-PayPayCorp.MobileCodingChallengeUITests-frameworks.sh\"\n";
			showEnvVarsInLog = 0;
		};
		0C954DADEB17425C4B3159B5 /* [CP] Embed Pods Frameworks */ = {
			isa = PBXShellScriptBuildPhase;
			buildActionMask = 2147483647;
			files = (
			);
			inputFileListPaths = (
				"${PODS_ROOT}/Target Support Files/Pods-PayPayCorp.MobileCodingChallenge/Pods-PayPayCorp.MobileCodingChallenge-frameworks-${CONFIGURATION}-input-files.xcfilelist",
			);
			name = "[CP] Embed Pods Frameworks";
			outputFileListPaths = (
				"${PODS_ROOT}/Target Support Files/Pods-PayPayCorp.MobileCodingChallenge/Pods-PayPayCorp.MobileCodingChallenge-frameworks-${CONFIGURATION}-output-files.xcfilelist",
			);
			runOnlyForDeploymentPostprocessing = 0;
			shellPath = /bin/sh;
			shellScript = "\"${PODS_ROOT}/Target Support Files/Pods-PayPayCorp.MobileCodingChallenge/Pods-PayPayCorp.MobileCodingChallenge-frameworks.sh\"\n";
			showEnvVarsInLog = 0;
		};
		3292FB14954A73353841EA0B /* [CP] Check Pods Manifest.lock */ = {
			isa = PBXShellScriptBuildPhase;
			buildActionMask = 2147483647;
			files = (
			);
			inputFileListPaths = (
			);
			inputPaths = (
				"${PODS_PODFILE_DIR_PATH}/Podfile.lock",
				"${PODS_ROOT}/Manifest.lock",
			);
			name = "[CP] Check Pods Manifest.lock";
			outputFileListPaths = (
			);
			outputPaths = (
				"$(DERIVED_FILE_DIR)/Pods-PayPayCorp.MobileCodingChallenge-checkManifestLockResult.txt",
			);
			runOnlyForDeploymentPostprocessing = 0;
			shellPath = /bin/sh;
			shellScript = "diff \"${PODS_PODFILE_DIR_PATH}/Podfile.lock\" \"${PODS_ROOT}/Manifest.lock\" > /dev/null\nif [ $? != 0 ] ; then\n    # print error to STDERR\n    echo \"error: The sandbox is not in sync with the Podfile.lock. Run 'pod install' or update your CocoaPods installation.\" >&2\n    exit 1\nfi\n# This output is used by Xcode 'outputs' to avoid re-running this script phase.\necho \"SUCCESS\" > \"${SCRIPT_OUTPUT_FILE_0}\"\n";
			showEnvVarsInLog = 0;
		};
		C4D564D66A69CD731419CD77 /* [CP] Check Pods Manifest.lock */ = {
			isa = PBXShellScriptBuildPhase;
			buildActionMask = 2147483647;
			files = (
			);
			inputFileListPaths = (
			);
			inputPaths = (
				"${PODS_PODFILE_DIR_PATH}/Podfile.lock",
				"${PODS_ROOT}/Manifest.lock",
			);
			name = "[CP] Check Pods Manifest.lock";
			outputFileListPaths = (
			);
			outputPaths = (
				"$(DERIVED_FILE_DIR)/Pods-PayPayCorp.MobileCodingChallenge-PayPayCorp.MobileCodingChallengeUITests-checkManifestLockResult.txt",
			);
			runOnlyForDeploymentPostprocessing = 0;
			shellPath = /bin/sh;
			shellScript = "diff \"${PODS_PODFILE_DIR_PATH}/Podfile.lock\" \"${PODS_ROOT}/Manifest.lock\" > /dev/null\nif [ $? != 0 ] ; then\n    # print error to STDERR\n    echo \"error: The sandbox is not in sync with the Podfile.lock. Run 'pod install' or update your CocoaPods installation.\" >&2\n    exit 1\nfi\n# This output is used by Xcode 'outputs' to avoid re-running this script phase.\necho \"SUCCESS\" > \"${SCRIPT_OUTPUT_FILE_0}\"\n";
			showEnvVarsInLog = 0;
		};
		FEC78115CE40B6EBC8FC5E7D /* [CP] Check Pods Manifest.lock */ = {
			isa = PBXShellScriptBuildPhase;
			buildActionMask = 2147483647;
			files = (
			);
			inputFileListPaths = (
			);
			inputPaths = (
				"${PODS_PODFILE_DIR_PATH}/Podfile.lock",
				"${PODS_ROOT}/Manifest.lock",
			);
			name = "[CP] Check Pods Manifest.lock";
			outputFileListPaths = (
			);
			outputPaths = (
				"$(DERIVED_FILE_DIR)/Pods-PayPayCorp.MobileCodingChallengeTests-checkManifestLockResult.txt",
			);
			runOnlyForDeploymentPostprocessing = 0;
			shellPath = /bin/sh;
			shellScript = "diff \"${PODS_PODFILE_DIR_PATH}/Podfile.lock\" \"${PODS_ROOT}/Manifest.lock\" > /dev/null\nif [ $? != 0 ] ; then\n    # print error to STDERR\n    echo \"error: The sandbox is not in sync with the Podfile.lock. Run 'pod install' or update your CocoaPods installation.\" >&2\n    exit 1\nfi\n# This output is used by Xcode 'outputs' to avoid re-running this script phase.\necho \"SUCCESS\" > \"${SCRIPT_OUTPUT_FILE_0}\"\n";
			showEnvVarsInLog = 0;
		};
/* End PBXShellScriptBuildPhase section */

/* Begin PBXSourcesBuildPhase section */
		EDE273542B089EA500A05B11 /* Sources */ = {
			isa = PBXSourcesBuildPhase;
			buildActionMask = 2147483647;
			files = (
				EDE2735E2B089EA500A05B11 /* ContentView.swift in Sources */,
				ED3A3D5D2B08A23900397452 /* AccessLayer.swift in Sources */,
				ED3A3D192B08A1E000397452 /* STArchLoading.swift in Sources */,
				ED3A3D942B08A4AA00397452 /* AboutArchitectureViewController.swift in Sources */,
				ED3A3D062B08A1C100397452 /* AppVersionCheck.swift in Sources */,
				ED3A3D1D2B08A1E000397452 /* STSubmitLoading.swift in Sources */,
				ED3A3D212B08A1E000397452 /* STLoadingable.swift in Sources */,
				ED3A3D052B08A1C100397452 /* Observable+Ext.swift in Sources */,
				ED3A3D1E2B08A1E000397452 /* STPacManLoading.swift in Sources */,
				ED3A3D5C2B08A23900397452 /* NetworkHelper.swift in Sources */,
				ED3A3D0A2B08A1C100397452 /* ErrorTracker.swift in Sources */,
				ED3A3D6C2B08A38200397452 /* SideMenuTableViewCell.swift in Sources */,
				ED3A3D752B08A3E400397452 /* Constants.swift in Sources */,
				ED3A3D8E2B08A46D00397452 /* CurrencyConverterViewController.swift in Sources */,
				ED3A3D202B08A1E000397452 /* STLoadingGroup.swift in Sources */,
				ED3A3D182B08A1E000397452 /* STBouncyPreloaderLoading.swift in Sources */,
				ED3A3D1A2B08A1E000397452 /* STWalkLoading.swift in Sources */,
				ED3A3D8A2B08A46D00397452 /* SecondCurrencyViewController.swift in Sources */,
				ED3A3D8B2B08A46D00397452 /* CurrencyTableViewCell.swift in Sources */,
				ED3A3D092B08A1C100397452 /* UIView+Borders.swift in Sources */,
				ED3A3D0B2B08A1C100397452 /* UIHelper.swift in Sources */,
				ED3A3D872B08A46D00397452 /* CurrencyConverterManager.swift in Sources */,
				ED3A3D6E2B08A38200397452 /* SideMenuViewController.swift in Sources */,
				ED3A3E442B08AB1100397452 /* HomeViewController.swift in Sources */,
				ED3A3D082B08A1C100397452 /* AppExtensions.swift in Sources */,
				ED3A3D1C2B08A1E000397452 /* STGlassesLoading.swift in Sources */,
				ED3A3D632B08A36500397452 /* AppBaseViewController.swift in Sources */,
				ED3A3D1B2B08A1E000397452 /* STTriangleLoading.swift in Sources */,
				ED3A3D1F2B08A1E000397452 /* STZhiHuLoading.swift in Sources */,
				ED3A3D862B08A46D00397452 /* CurrencyConverterViewModel.swift in Sources */,
				ED3A3D6F2B08A38200397452 /* HeaderSideMenuTableViewCell.swift in Sources */,
				ED3A3D882B08A46D00397452 /* BaseModel.swift in Sources */,
				ED3A3D5B2B08A23900397452 /* Utilities.swift in Sources */,
				ED3A3D072B08A1C100397452 /* Reusable.swift in Sources */,
				ED3A3D5F2B08A32F00397452 /* AppDelegate.swift in Sources */,
			);
			runOnlyForDeploymentPostprocessing = 0;
		};
		EDE273652B089EA800A05B11 /* Sources */ = {
			isa = PBXSourcesBuildPhase;
			buildActionMask = 2147483647;
			files = (
				EDE2736E2B089EA800A05B11 /* PayPayCorp_MobileCodingChallengeTests.swift in Sources */,
			);
			runOnlyForDeploymentPostprocessing = 0;
		};
		EDE2736F2B089EA800A05B11 /* Sources */ = {
			isa = PBXSourcesBuildPhase;
			buildActionMask = 2147483647;
			files = (
				EDE2737A2B089EA800A05B11 /* PayPayCorp_MobileCodingChallengeUITestsLaunchTests.swift in Sources */,
				EDE273782B089EA800A05B11 /* PayPayCorp_MobileCodingChallengeUITests.swift in Sources */,
			);
			runOnlyForDeploymentPostprocessing = 0;
		};
/* End PBXSourcesBuildPhase section */

/* Begin PBXTargetDependency section */
		EDE2736B2B089EA800A05B11 /* PBXTargetDependency */ = {
			isa = PBXTargetDependency;
			target = EDE273572B089EA500A05B11 /* PayPayCorp.MobileCodingChallenge */;
			targetProxy = EDE2736A2B089EA800A05B11 /* PBXContainerItemProxy */;
		};
		EDE273752B089EA800A05B11 /* PBXTargetDependency */ = {
			isa = PBXTargetDependency;
			target = EDE273572B089EA500A05B11 /* PayPayCorp.MobileCodingChallenge */;
			targetProxy = EDE273742B089EA800A05B11 /* PBXContainerItemProxy */;
		};
/* End PBXTargetDependency section */

/* Begin XCBuildConfiguration section */
		EDE2737B2B089EA800A05B11 /* Debug */ = {
			isa = XCBuildConfiguration;
			buildSettings = {
				ALWAYS_SEARCH_USER_PATHS = NO;
				ASSETCATALOG_COMPILER_GENERATE_SWIFT_ASSET_SYMBOL_EXTENSIONS = YES;
				CLANG_ANALYZER_NONNULL = YES;
				CLANG_ANALYZER_NUMBER_OBJECT_CONVERSION = YES_AGGRESSIVE;
				CLANG_CXX_LANGUAGE_STANDARD = "gnu++20";
				CLANG_ENABLE_MODULES = YES;
				CLANG_ENABLE_OBJC_ARC = YES;
				CLANG_ENABLE_OBJC_WEAK = YES;
				CLANG_WARN_BLOCK_CAPTURE_AUTORELEASING = YES;
				CLANG_WARN_BOOL_CONVERSION = YES;
				CLANG_WARN_COMMA = YES;
				CLANG_WARN_CONSTANT_CONVERSION = YES;
				CLANG_WARN_DEPRECATED_OBJC_IMPLEMENTATIONS = YES;
				CLANG_WARN_DIRECT_OBJC_ISA_USAGE = YES_ERROR;
				CLANG_WARN_DOCUMENTATION_COMMENTS = YES;
				CLANG_WARN_EMPTY_BODY = YES;
				CLANG_WARN_ENUM_CONVERSION = YES;
				CLANG_WARN_INFINITE_RECURSION = YES;
				CLANG_WARN_INT_CONVERSION = YES;
				CLANG_WARN_NON_LITERAL_NULL_CONVERSION = YES;
				CLANG_WARN_OBJC_IMPLICIT_RETAIN_SELF = YES;
				CLANG_WARN_OBJC_LITERAL_CONVERSION = YES;
				CLANG_WARN_OBJC_ROOT_CLASS = YES_ERROR;
				CLANG_WARN_QUOTED_INCLUDE_IN_FRAMEWORK_HEADER = YES;
				CLANG_WARN_RANGE_LOOP_ANALYSIS = YES;
				CLANG_WARN_STRICT_PROTOTYPES = YES;
				CLANG_WARN_SUSPICIOUS_MOVE = YES;
				CLANG_WARN_UNGUARDED_AVAILABILITY = YES_AGGRESSIVE;
				CLANG_WARN_UNREACHABLE_CODE = YES;
				CLANG_WARN__DUPLICATE_METHOD_MATCH = YES;
				COPY_PHASE_STRIP = NO;
				CREATE_INFOPLIST_SECTION_IN_BINARY = NO;
				DEBUG_INFORMATION_FORMAT = dwarf;
				DONT_GENERATE_INFOPLIST_FILE = YES;
				ENABLE_STRICT_OBJC_MSGSEND = YES;
				ENABLE_TESTABILITY = YES;
				ENABLE_USER_SCRIPT_SANDBOXING = NO;
				GCC_C_LANGUAGE_STANDARD = gnu17;
				GCC_DYNAMIC_NO_PIC = NO;
				GCC_GENERATE_TEST_COVERAGE_FILES = YES;
				GCC_NO_COMMON_BLOCKS = YES;
				GCC_OPTIMIZATION_LEVEL = 0;
				GCC_PREPROCESSOR_DEFINITIONS = (
					"DEBUG=1",
					"$(inherited)",
				);
				GCC_WARN_64_TO_32_BIT_CONVERSION = YES;
				GCC_WARN_ABOUT_RETURN_TYPE = YES_ERROR;
				GCC_WARN_UNDECLARED_SELECTOR = YES;
				GCC_WARN_UNINITIALIZED_AUTOS = YES_AGGRESSIVE;
				GCC_WARN_UNUSED_FUNCTION = YES;
				GCC_WARN_UNUSED_VARIABLE = YES;
				GENERATE_INFOPLIST_FILE = NO;
				INFOPLIST_FILE = "";
				INFOPLIST_PREPROCESS = NO;
				LOCALIZATION_PREFERS_STRING_CATALOGS = YES;
				MTL_ENABLE_DEBUG_INFO = INCLUDE_SOURCE;
				MTL_FAST_MATH = YES;
				ONLY_ACTIVE_ARCH = YES;
				SWIFT_ACTIVE_COMPILATION_CONDITIONS = "DEBUG $(inherited)";
				SWIFT_OPTIMIZATION_LEVEL = "-Onone";
			};
			name = Debug;
		};
		EDE2737C2B089EA800A05B11 /* Release */ = {
			isa = XCBuildConfiguration;
			buildSettings = {
				ALWAYS_SEARCH_USER_PATHS = NO;
				ASSETCATALOG_COMPILER_GENERATE_SWIFT_ASSET_SYMBOL_EXTENSIONS = YES;
				CLANG_ANALYZER_NONNULL = YES;
				CLANG_ANALYZER_NUMBER_OBJECT_CONVERSION = YES_AGGRESSIVE;
				CLANG_CXX_LANGUAGE_STANDARD = "gnu++20";
				CLANG_ENABLE_MODULES = YES;
				CLANG_ENABLE_OBJC_ARC = YES;
				CLANG_ENABLE_OBJC_WEAK = YES;
				CLANG_WARN_BLOCK_CAPTURE_AUTORELEASING = YES;
				CLANG_WARN_BOOL_CONVERSION = YES;
				CLANG_WARN_COMMA = YES;
				CLANG_WARN_CONSTANT_CONVERSION = YES;
				CLANG_WARN_DEPRECATED_OBJC_IMPLEMENTATIONS = YES;
				CLANG_WARN_DIRECT_OBJC_ISA_USAGE = YES_ERROR;
				CLANG_WARN_DOCUMENTATION_COMMENTS = YES;
				CLANG_WARN_EMPTY_BODY = YES;
				CLANG_WARN_ENUM_CONVERSION = YES;
				CLANG_WARN_INFINITE_RECURSION = YES;
				CLANG_WARN_INT_CONVERSION = YES;
				CLANG_WARN_NON_LITERAL_NULL_CONVERSION = YES;
				CLANG_WARN_OBJC_IMPLICIT_RETAIN_SELF = YES;
				CLANG_WARN_OBJC_LITERAL_CONVERSION = YES;
				CLANG_WARN_OBJC_ROOT_CLASS = YES_ERROR;
				CLANG_WARN_QUOTED_INCLUDE_IN_FRAMEWORK_HEADER = YES;
				CLANG_WARN_RANGE_LOOP_ANALYSIS = YES;
				CLANG_WARN_STRICT_PROTOTYPES = YES;
				CLANG_WARN_SUSPICIOUS_MOVE = YES;
				CLANG_WARN_UNGUARDED_AVAILABILITY = YES_AGGRESSIVE;
				CLANG_WARN_UNREACHABLE_CODE = YES;
				CLANG_WARN__DUPLICATE_METHOD_MATCH = YES;
				COPY_PHASE_STRIP = NO;
				CREATE_INFOPLIST_SECTION_IN_BINARY = NO;
				DEBUG_INFORMATION_FORMAT = "dwarf-with-dsym";
				DONT_GENERATE_INFOPLIST_FILE = YES;
				ENABLE_NS_ASSERTIONS = NO;
				ENABLE_STRICT_OBJC_MSGSEND = YES;
				ENABLE_USER_SCRIPT_SANDBOXING = NO;
				GCC_C_LANGUAGE_STANDARD = gnu17;
				GCC_GENERATE_TEST_COVERAGE_FILES = YES;
				GCC_NO_COMMON_BLOCKS = YES;
				GCC_WARN_64_TO_32_BIT_CONVERSION = YES;
				GCC_WARN_ABOUT_RETURN_TYPE = YES_ERROR;
				GCC_WARN_UNDECLARED_SELECTOR = YES;
				GCC_WARN_UNINITIALIZED_AUTOS = YES_AGGRESSIVE;
				GCC_WARN_UNUSED_FUNCTION = YES;
				GCC_WARN_UNUSED_VARIABLE = YES;
				GENERATE_INFOPLIST_FILE = NO;
				INFOPLIST_FILE = "";
				INFOPLIST_PREPROCESS = NO;
				LOCALIZATION_PREFERS_STRING_CATALOGS = YES;
				MTL_ENABLE_DEBUG_INFO = NO;
				MTL_FAST_MATH = YES;
				SWIFT_COMPILATION_MODE = wholemodule;
			};
			name = Release;
		};
		EDE2737E2B089EA800A05B11 /* Debug */ = {
			isa = XCBuildConfiguration;
			baseConfigurationReference = 906BE70EB0242038D574DEB1 /* Pods-PayPayCorp.MobileCodingChallenge.debug.xcconfig */;
			buildSettings = {
				ASSETCATALOG_COMPILER_APPICON_NAME = AppIcon;
				ASSETCATALOG_COMPILER_GLOBAL_ACCENT_COLOR_NAME = AccentColor;
				CODE_SIGN_ENTITLEMENTS = "";
				CODE_SIGN_STYLE = Manual;
				CURRENT_PROJECT_VERSION = 1;
				DEVELOPMENT_ASSET_PATHS = "\"PayPayCorp.MobileCodingChallenge/Preview Content\"";
				DEVELOPMENT_TEAM = "";
				DONT_GENERATE_INFOPLIST_FILE = NO;
				ENABLE_PREVIEWS = YES;
				GENERATE_INFOPLIST_FILE = YES;
				INFOPLIST_KEY_CFBundleDisplayName = PayPayCorp;
				INFOPLIST_KEY_UIApplicationSceneManifest_Generation = YES;
				"INFOPLIST_KEY_UIApplicationSceneManifest_Generation[sdk=iphoneos*]" = YES;
				"INFOPLIST_KEY_UIApplicationSceneManifest_Generation[sdk=iphonesimulator*]" = YES;
				"INFOPLIST_KEY_UIApplicationSupportsIndirectInputEvents[sdk=iphoneos*]" = YES;
				"INFOPLIST_KEY_UIApplicationSupportsIndirectInputEvents[sdk=iphonesimulator*]" = YES;
				INFOPLIST_KEY_UILaunchScreen_Generation = YES;
				"INFOPLIST_KEY_UILaunchScreen_Generation[sdk=iphoneos*]" = YES;
				"INFOPLIST_KEY_UILaunchScreen_Generation[sdk=iphonesimulator*]" = YES;
				"INFOPLIST_KEY_UIStatusBarStyle[sdk=iphoneos*]" = UIStatusBarStyleDefault;
				"INFOPLIST_KEY_UIStatusBarStyle[sdk=iphonesimulator*]" = UIStatusBarStyleDefault;
				INFOPLIST_KEY_UISupportedInterfaceOrientations_iPad = "UIInterfaceOrientationPortrait UIInterfaceOrientationPortraitUpsideDown UIInterfaceOrientationLandscapeLeft UIInterfaceOrientationLandscapeRight";
				INFOPLIST_KEY_UISupportedInterfaceOrientations_iPhone = "UIInterfaceOrientationPortrait UIInterfaceOrientationLandscapeLeft UIInterfaceOrientationLandscapeRight";
				IPHONEOS_DEPLOYMENT_TARGET = 17.0;
				LD_RUNPATH_SEARCH_PATHS = "@executable_path/Frameworks";
				"LD_RUNPATH_SEARCH_PATHS[sdk=macosx*]" = "@executable_path/../Frameworks";
				MACOSX_DEPLOYMENT_TARGET = 14.0;
				MARKETING_VERSION = 1.0;
				PRODUCT_BUNDLE_IDENTIFIER = PayPayCorp.MobileCodingChallenge.com;
				PRODUCT_NAME = "$(TARGET_NAME)";
				PROVISIONING_PROFILE_SPECIFIER = "";
				SDKROOT = auto;
				SUPPORTED_PLATFORMS = "iphoneos iphonesimulator";
				SUPPORTS_MACCATALYST = NO;
				SWIFT_EMIT_LOC_STRINGS = YES;
				SWIFT_VERSION = 5.0;
				TARGETED_DEVICE_FAMILY = "1,2";
			};
			name = Debug;
		};
		EDE2737F2B089EA800A05B11 /* Release */ = {
			isa = XCBuildConfiguration;
			baseConfigurationReference = D8E327361AEFD51D5B01C993 /* Pods-PayPayCorp.MobileCodingChallenge.release.xcconfig */;
			buildSettings = {
				ASSETCATALOG_COMPILER_APPICON_NAME = AppIcon;
				ASSETCATALOG_COMPILER_GLOBAL_ACCENT_COLOR_NAME = AccentColor;
				CODE_SIGN_ENTITLEMENTS = "";
				CODE_SIGN_STYLE = Manual;
				CURRENT_PROJECT_VERSION = 1;
				DEVELOPMENT_ASSET_PATHS = "\"PayPayCorp.MobileCodingChallenge/Preview Content\"";
				DEVELOPMENT_TEAM = "";
				DONT_GENERATE_INFOPLIST_FILE = NO;
				ENABLE_PREVIEWS = YES;
				GENERATE_INFOPLIST_FILE = YES;
				INFOPLIST_KEY_CFBundleDisplayName = PayPayCorp;
				INFOPLIST_KEY_UIApplicationSceneManifest_Generation = YES;
				"INFOPLIST_KEY_UIApplicationSceneManifest_Generation[sdk=iphoneos*]" = YES;
				"INFOPLIST_KEY_UIApplicationSceneManifest_Generation[sdk=iphonesimulator*]" = YES;
				"INFOPLIST_KEY_UIApplicationSupportsIndirectInputEvents[sdk=iphoneos*]" = YES;
				"INFOPLIST_KEY_UIApplicationSupportsIndirectInputEvents[sdk=iphonesimulator*]" = YES;
				INFOPLIST_KEY_UILaunchScreen_Generation = YES;
				"INFOPLIST_KEY_UILaunchScreen_Generation[sdk=iphoneos*]" = YES;
				"INFOPLIST_KEY_UILaunchScreen_Generation[sdk=iphonesimulator*]" = YES;
				"INFOPLIST_KEY_UIStatusBarStyle[sdk=iphoneos*]" = UIStatusBarStyleDefault;
				"INFOPLIST_KEY_UIStatusBarStyle[sdk=iphonesimulator*]" = UIStatusBarStyleDefault;
				INFOPLIST_KEY_UISupportedInterfaceOrientations_iPad = "UIInterfaceOrientationPortrait UIInterfaceOrientationPortraitUpsideDown UIInterfaceOrientationLandscapeLeft UIInterfaceOrientationLandscapeRight";
				INFOPLIST_KEY_UISupportedInterfaceOrientations_iPhone = "UIInterfaceOrientationPortrait UIInterfaceOrientationLandscapeLeft UIInterfaceOrientationLandscapeRight";
				IPHONEOS_DEPLOYMENT_TARGET = 17.0;
				LD_RUNPATH_SEARCH_PATHS = "@executable_path/Frameworks";
				"LD_RUNPATH_SEARCH_PATHS[sdk=macosx*]" = "@executable_path/../Frameworks";
				MACOSX_DEPLOYMENT_TARGET = 14.0;
				MARKETING_VERSION = 1.0;
				PRODUCT_BUNDLE_IDENTIFIER = PayPayCorp.MobileCodingChallenge.com;
				PRODUCT_NAME = "$(TARGET_NAME)";
				PROVISIONING_PROFILE_SPECIFIER = "";
				SDKROOT = auto;
				SUPPORTED_PLATFORMS = "iphoneos iphonesimulator";
				SUPPORTS_MACCATALYST = NO;
				SWIFT_EMIT_LOC_STRINGS = YES;
				SWIFT_VERSION = 5.0;
				TARGETED_DEVICE_FAMILY = "1,2";
			};
			name = Release;
		};
		EDE273812B089EA800A05B11 /* Debug */ = {
			isa = XCBuildConfiguration;
			baseConfigurationReference = 5C2DFF47ABCA2440659D1911 /* Pods-PayPayCorp.MobileCodingChallengeTests.debug.xcconfig */;
			buildSettings = {
				ALWAYS_EMBED_SWIFT_STANDARD_LIBRARIES = YES;
				BUNDLE_LOADER = "$(TEST_HOST)";
				CODE_SIGN_STYLE = Automatic;
				CURRENT_PROJECT_VERSION = 1;
				GENERATE_INFOPLIST_FILE = NO;
				IPHONEOS_DEPLOYMENT_TARGET = 17.0;
				MACOSX_DEPLOYMENT_TARGET = 14.0;
				MARKETING_VERSION = 1.0;
				PRODUCT_BUNDLE_IDENTIFIER = "com.PayPayCorp-MobileCodingChallengeTests";
				PRODUCT_NAME = "$(TARGET_NAME)";
				SDKROOT = auto;
				SUPPORTED_PLATFORMS = "iphoneos iphonesimulator macosx";
				SWIFT_EMIT_LOC_STRINGS = NO;
				SWIFT_VERSION = 5.0;
				TARGETED_DEVICE_FAMILY = "1,2";
				TEST_HOST = "$(BUILT_PRODUCTS_DIR)/PayPayCorp.MobileCodingChallenge.app/$(BUNDLE_EXECUTABLE_FOLDER_PATH)/PayPayCorp.MobileCodingChallenge";
			};
			name = Debug;
		};
		EDE273822B089EA800A05B11 /* Release */ = {
			isa = XCBuildConfiguration;
			baseConfigurationReference = 6E9378DD17D5494849F79C8D /* Pods-PayPayCorp.MobileCodingChallengeTests.release.xcconfig */;
			buildSettings = {
				ALWAYS_EMBED_SWIFT_STANDARD_LIBRARIES = YES;
				BUNDLE_LOADER = "$(TEST_HOST)";
				CODE_SIGN_STYLE = Automatic;
				CURRENT_PROJECT_VERSION = 1;
				GENERATE_INFOPLIST_FILE = NO;
				IPHONEOS_DEPLOYMENT_TARGET = 17.0;
				MACOSX_DEPLOYMENT_TARGET = 14.0;
				MARKETING_VERSION = 1.0;
				PRODUCT_BUNDLE_IDENTIFIER = "com.PayPayCorp-MobileCodingChallengeTests";
				PRODUCT_NAME = "$(TARGET_NAME)";
				SDKROOT = auto;
				SUPPORTED_PLATFORMS = "iphoneos iphonesimulator macosx";
				SWIFT_EMIT_LOC_STRINGS = NO;
				SWIFT_VERSION = 5.0;
				TARGETED_DEVICE_FAMILY = "1,2";
				TEST_HOST = "$(BUILT_PRODUCTS_DIR)/PayPayCorp.MobileCodingChallenge.app/$(BUNDLE_EXECUTABLE_FOLDER_PATH)/PayPayCorp.MobileCodingChallenge";
			};
			name = Release;
		};
		EDE273842B089EA800A05B11 /* Debug */ = {
			isa = XCBuildConfiguration;
			baseConfigurationReference = 2E7DB78B38F92060A147CC77 /* Pods-PayPayCorp.MobileCodingChallenge-PayPayCorp.MobileCodingChallengeUITests.debug.xcconfig */;
			buildSettings = {
				ALWAYS_EMBED_SWIFT_STANDARD_LIBRARIES = YES;
				CODE_SIGN_STYLE = Automatic;
				CURRENT_PROJECT_VERSION = 1;
				GENERATE_INFOPLIST_FILE = NO;
				IPHONEOS_DEPLOYMENT_TARGET = 17.0;
				MACOSX_DEPLOYMENT_TARGET = 14.0;
				MARKETING_VERSION = 1.0;
				PRODUCT_BUNDLE_IDENTIFIER = "$(TARGET_NAME).plist";
				PRODUCT_NAME = "$(TARGET_NAME)";
				SDKROOT = auto;
				SUPPORTED_PLATFORMS = "iphoneos iphonesimulator macosx";
				SWIFT_EMIT_LOC_STRINGS = NO;
				SWIFT_VERSION = 5.0;
				TARGETED_DEVICE_FAMILY = "1,2";
				TEST_TARGET_NAME = PayPayCorp.MobileCodingChallenge;
			};
			name = Debug;
		};
		EDE273852B089EA800A05B11 /* Release */ = {
			isa = XCBuildConfiguration;
			baseConfigurationReference = A4F191CDA5EA1CB45729519D /* Pods-PayPayCorp.MobileCodingChallenge-PayPayCorp.MobileCodingChallengeUITests.release.xcconfig */;
			buildSettings = {
				ALWAYS_EMBED_SWIFT_STANDARD_LIBRARIES = YES;
				CODE_SIGN_STYLE = Automatic;
				CURRENT_PROJECT_VERSION = 1;
				GENERATE_INFOPLIST_FILE = NO;
				IPHONEOS_DEPLOYMENT_TARGET = 17.0;
				MACOSX_DEPLOYMENT_TARGET = 14.0;
				MARKETING_VERSION = 1.0;
				PRODUCT_BUNDLE_IDENTIFIER = "$(TARGET_NAME).plist";
				PRODUCT_NAME = "$(TARGET_NAME)";
				SDKROOT = auto;
				SUPPORTED_PLATFORMS = "iphoneos iphonesimulator macosx";
				SWIFT_EMIT_LOC_STRINGS = NO;
				SWIFT_VERSION = 5.0;
				TARGETED_DEVICE_FAMILY = "1,2";
				TEST_TARGET_NAME = PayPayCorp.MobileCodingChallenge;
			};
			name = Release;
		};
/* End XCBuildConfiguration section */

/* Begin XCConfigurationList section */
		EDE273532B089EA500A05B11 /* Build configuration list for PBXProject "PayPayCorp.MobileCodingChallenge" */ = {
			isa = XCConfigurationList;
			buildConfigurations = (
				EDE2737B2B089EA800A05B11 /* Debug */,
				EDE2737C2B089EA800A05B11 /* Release */,
			);
			defaultConfigurationIsVisible = 0;
			defaultConfigurationName = Release;
		};
		EDE2737D2B089EA800A05B11 /* Build configuration list for PBXNativeTarget "PayPayCorp.MobileCodingChallenge" */ = {
			isa = XCConfigurationList;
			buildConfigurations = (
				EDE2737E2B089EA800A05B11 /* Debug */,
				EDE2737F2B089EA800A05B11 /* Release */,
			);
			defaultConfigurationIsVisible = 0;
			defaultConfigurationName = Release;
		};
		EDE273802B089EA800A05B11 /* Build configuration list for PBXNativeTarget "PayPayCorp.MobileCodingChallengeTests" */ = {
			isa = XCConfigurationList;
			buildConfigurations = (
				EDE273812B089EA800A05B11 /* Debug */,
				EDE273822B089EA800A05B11 /* Release */,
			);
			defaultConfigurationIsVisible = 0;
			defaultConfigurationName = Release;
		};
		EDE273832B089EA800A05B11 /* Build configuration list for PBXNativeTarget "PayPayCorp.MobileCodingChallengeUITests" */ = {
			isa = XCConfigurationList;
			buildConfigurations = (
				EDE273842B089EA800A05B11 /* Debug */,
				EDE273852B089EA800A05B11 /* Release */,
			);
			defaultConfigurationIsVisible = 0;
			defaultConfigurationName = Release;
		};
/* End XCConfigurationList section */
	};
	rootObject = EDE273502B089EA500A05B11 /* Project object */;
}
