// !$*UTF8*$!
{
	archiveVersion = 1;
	classes = {
	};
	objectVersion = 56;
	objects = {

/* Begin PBXBuildFile section */
		EDE2735C2B089EA500A05B11 /* PayPayCorp_MobileCodingChallengeApp.swift in Sources */ = {isa = PBXBuildFile; fileRef = EDE2735B2B089EA500A05B11 /* PayPayCorp_MobileCodingChallengeApp.swift */; };
		EDE2735E2B089EA500A05B11 /* ContentView.swift in Sources */ = {isa = PBXBuildFile; fileRef = EDE2735D2B089EA500A05B11 /* ContentView.swift */; };
		EDE273602B089EA800A05B11 /* Assets.xcassets in Resources */ = {isa = PBXBuildFile; fileRef = EDE2735F2B089EA800A05B11 /* Assets.xcassets */; };
		EDE273642B089EA800A05B11 /* Preview Assets.xcassets in Resources */ = {isa = PBXBuildFile; fileRef = EDE273632B089EA800A05B11 /* Preview Assets.xcassets */; };
		EDE2736E2B089EA800A05B11 /* PayPayCorp_MobileCodingChallengeTests.swift in Sources */ = {isa = PBXBuildFile; fileRef = EDE2736D2B089EA800A05B11 /* PayPayCorp_MobileCodingChallengeTests.swift */; };
		EDE273782B089EA800A05B11 /* PayPayCorp_MobileCodingChallengeUITests.swift in Sources */ = {isa = PBXBuildFile; fileRef = EDE273772B089EA800A05B11 /* PayPayCorp_MobileCodingChallengeUITests.swift */; };
		EDE2737A2B089EA800A05B11 /* PayPayCorp_MobileCodingChallengeUITestsLaunchTests.swift in Sources */ = {isa = PBXBuildFile; fileRef = EDE273792B089EA800A05B11 /* PayPayCorp_MobileCodingChallengeUITestsLaunchTests.swift */; };
/* End PBXBuildFile section */

/* Begin PBXContainerItemProxy section */
		EDE2736A2B089EA800A05B11 /* PBXContainerItemProxy */ = {
			isa = PBXContainerItemProxy;
			containerPortal = EDE273502B089EA500A05B11 /* Project object */;
			proxyType = 1;
			remoteGlobalIDString = EDE273572B089EA500A05B11;
			remoteInfo = PayPayCorp.MobileCodingChallenge;
		};
		EDE273742B089EA800A05B11 /* PBXContainerItemProxy */ = {
			isa = PBXContainerItemProxy;
			containerPortal = EDE273502B089EA500A05B11 /* Project object */;
			proxyType = 1;
			remoteGlobalIDString = EDE273572B089EA500A05B11;
			remoteInfo = PayPayCorp.MobileCodingChallenge;
		};
/* End PBXContainerItemProxy section */

/* Begin PBXFileReference section */
		EDE273582B089EA500A05B11 /* PayPayCorp.MobileCodingChallenge.app */ = {isa = PBXFileReference; explicitFileType = wrapper.application; includeInIndex = 0; path = PayPayCorp.MobileCodingChallenge.app; sourceTree = BUILT_PRODUCTS_DIR; };
		EDE2735B2B089EA500A05B11 /* PayPayCorp_MobileCodingChallengeApp.swift */ = {isa = PBXFileReference; lastKnownFileType = sourcecode.swift; path = PayPayCorp_MobileCodingChallengeApp.swift; sourceTree = "<group>"; };
		EDE2735D2B089EA500A05B11 /* ContentView.swift */ = {isa = PBXFileReference; lastKnownFileType = sourcecode.swift; path = ContentView.swift; sourceTree = "<group>"; };
		EDE2735F2B089EA800A05B11 /* Assets.xcassets */ = {isa = PBXFileReference; lastKnownFileType = folder.assetcatalog; path = Assets.xcassets; sourceTree = "<group>"; };
		EDE273612B089EA800A05B11 /* PayPayCorp_MobileCodingChallenge.entitlements */ = {isa = PBXFileReference; lastKnownFileType = text.plist.entitlements; path = PayPayCorp_MobileCodingChallenge.entitlements; sourceTree = "<group>"; };
		EDE273632B089EA800A05B11 /* Preview Assets.xcassets */ = {isa = PBXFileReference; lastKnownFileType = folder.assetcatalog; path = "Preview Assets.xcassets"; sourceTree = "<group>"; };
		EDE273692B089EA800A05B11 /* PayPayCorp.MobileCodingChallengeTests.xctest */ = {isa = PBXFileReference; explicitFileType = wrapper.cfbundle; includeInIndex = 0; path = PayPayCorp.MobileCodingChallengeTests.xctest; sourceTree = BUILT_PRODUCTS_DIR; };
		EDE2736D2B089EA800A05B11 /* PayPayCorp_MobileCodingChallengeTests.swift */ = {isa = PBXFileReference; lastKnownFileType = sourcecode.swift; path = PayPayCorp_MobileCodingChallengeTests.swift; sourceTree = "<group>"; };
		EDE273732B089EA800A05B11 /* PayPayCorp.MobileCodingChallengeUITests.xctest */ = {isa = PBXFileReference; explicitFileType = wrapper.cfbundle; includeInIndex = 0; path = PayPayCorp.MobileCodingChallengeUITests.xctest; sourceTree = BUILT_PRODUCTS_DIR; };
		EDE273772B089EA800A05B11 /* PayPayCorp_MobileCodingChallengeUITests.swift */ = {isa = PBXFileReference; lastKnownFileType = sourcecode.swift; path = PayPayCorp_MobileCodingChallengeUITests.swift; sourceTree = "<group>"; };
		EDE273792B089EA800A05B11 /* PayPayCorp_MobileCodingChallengeUITestsLaunchTests.swift */ = {isa = PBXFileReference; lastKnownFileType = sourcecode.swift; path = PayPayCorp_MobileCodingChallengeUITestsLaunchTests.swift; sourceTree = "<group>"; };
/* End PBXFileReference section */

/* Begin PBXFrameworksBuildPhase section */
		EDE273552B089EA500A05B11 /* Frameworks */ = {
			isa = PBXFrameworksBuildPhase;
			buildActionMask = 2147483647;
			files = (
			);
			runOnlyForDeploymentPostprocessing = 0;
		};
		EDE273662B089EA800A05B11 /* Frameworks */ = {
			isa = PBXFrameworksBuildPhase;
			buildActionMask = 2147483647;
			files = (
			);
			runOnlyForDeploymentPostprocessing = 0;
		};
		EDE273702B089EA800A05B11 /* Frameworks */ = {
			isa = PBXFrameworksBuildPhase;
			buildActionMask = 2147483647;
			files = (
			);
			runOnlyForDeploymentPostprocessing = 0;
		};
/* End PBXFrameworksBuildPhase section */

/* Begin PBXGroup section */
		EDE2734F2B089EA500A05B11 = {
			isa = PBXGroup;
			children = (
				EDE2735A2B089EA500A05B11 /* PayPayCorp.MobileCodingChallenge */,
				EDE2736C2B089EA800A05B11 /* PayPayCorp.MobileCodingChallengeTests */,
				EDE273762B089EA800A05B11 /* PayPayCorp.MobileCodingChallengeUITests */,
				EDE273592B089EA500A05B11 /* Products */,
			);
			sourceTree = "<group>";
		};
		EDE273592B089EA500A05B11 /* Products */ = {
			isa = PBXGroup;
			children = (
				EDE273582B089EA500A05B11 /* PayPayCorp.MobileCodingChallenge.app */,
				EDE273692B089EA800A05B11 /* PayPayCorp.MobileCodingChallengeTests.xctest */,
				EDE273732B089EA800A05B11 /* PayPayCorp.MobileCodingChallengeUITests.xctest */,
			);
			name = Products;
			sourceTree = "<group>";
		};
		EDE2735A2B089EA500A05B11 /* PayPayCorp.MobileCodingChallenge */ = {
			isa = PBXGroup;
			children = (
				EDE2735B2B089EA500A05B11 /* PayPayCorp_MobileCodingChallengeApp.swift */,
				EDE2735D2B089EA500A05B11 /* ContentView.swift */,
				EDE2735F2B089EA800A05B11 /* Assets.xcassets */,
				EDE273612B089EA800A05B11 /* PayPayCorp_MobileCodingChallenge.entitlements */,
				EDE273622B089EA800A05B11 /* Preview Content */,
			);
			path = PayPayCorp.MobileCodingChallenge;
			sourceTree = "<group>";
		};
		EDE273622B089EA800A05B11 /* Preview Content */ = {
			isa = PBXGroup;
			children = (
				EDE273632B089EA800A05B11 /* Preview Assets.xcassets */,
			);
			path = "Preview Content";
			sourceTree = "<group>";
		};
		EDE2736C2B089EA800A05B11 /* PayPayCorp.MobileCodingChallengeTests */ = {
			isa = PBXGroup;
			children = (
				EDE2736D2B089EA800A05B11 /* PayPayCorp_MobileCodingChallengeTests.swift */,
			);
			path = PayPayCorp.MobileCodingChallengeTests;
			sourceTree = "<group>";
		};
		EDE273762B089EA800A05B11 /* PayPayCorp.MobileCodingChallengeUITests */ = {
			isa = PBXGroup;
			children = (
				EDE273772B089EA800A05B11 /* PayPayCorp_MobileCodingChallengeUITests.swift */,
				EDE273792B089EA800A05B11 /* PayPayCorp_MobileCodingChallengeUITestsLaunchTests.swift */,
			);
			path = PayPayCorp.MobileCodingChallengeUITests;
			sourceTree = "<group>";
		};
/* End PBXGroup section */

/* Begin PBXNativeTarget section */
		EDE273572B089EA500A05B11 /* PayPayCorp.MobileCodingChallenge */ = {
			isa = PBXNativeTarget;
			buildConfigurationList = EDE2737D2B089EA800A05B11 /* Build configuration list for PBXNativeTarget "PayPayCorp.MobileCodingChallenge" */;
			buildPhases = (
				EDE273542B089EA500A05B11 /* Sources */,
				EDE273552B089EA500A05B11 /* Frameworks */,
				EDE273562B089EA500A05B11 /* Resources */,
			);
			buildRules = (
			);
			dependencies = (
			);
			name = PayPayCorp.MobileCodingChallenge;
			productName = PayPayCorp.MobileCodingChallenge;
			productReference = EDE273582B089EA500A05B11 /* PayPayCorp.MobileCodingChallenge.app */;
			productType = "com.apple.product-type.application";
		};
		EDE273682B089EA800A05B11 /* PayPayCorp.MobileCodingChallengeTests */ = {
			isa = PBXNativeTarget;
			buildConfigurationList = EDE273802B089EA800A05B11 /* Build configuration list for PBXNativeTarget "PayPayCorp.MobileCodingChallengeTests" */;
			buildPhases = (
				EDE273652B089EA800A05B11 /* Sources */,
				EDE273662B089EA800A05B11 /* Frameworks */,
				EDE273672B089EA800A05B11 /* Resources */,
			);
			buildRules = (
			);
			dependencies = (
				EDE2736B2B089EA800A05B11 /* PBXTargetDependency */,
			);
			name = PayPayCorp.MobileCodingChallengeTests;
			productName = PayPayCorp.MobileCodingChallengeTests;
			productReference = EDE273692B089EA800A05B11 /* PayPayCorp.MobileCodingChallengeTests.xctest */;
			productType = "com.apple.product-type.bundle.unit-test";
		};
		EDE273722B089EA800A05B11 /* PayPayCorp.MobileCodingChallengeUITests */ = {
			isa = PBXNativeTarget;
			buildConfigurationList = EDE273832B089EA800A05B11 /* Build configuration list for PBXNativeTarget "PayPayCorp.MobileCodingChallengeUITests" */;
			buildPhases = (
				EDE2736F2B089EA800A05B11 /* Sources */,
				EDE273702B089EA800A05B11 /* Frameworks */,
				EDE273712B089EA800A05B11 /* Resources */,
			);
			buildRules = (
			);
			dependencies = (
				EDE273752B089EA800A05B11 /* PBXTargetDependency */,
			);
			name = PayPayCorp.MobileCodingChallengeUITests;
			productName = PayPayCorp.MobileCodingChallengeUITests;
			productReference = EDE273732B089EA800A05B11 /* PayPayCorp.MobileCodingChallengeUITests.xctest */;
			productType = "com.apple.product-type.bundle.ui-testing";
		};
/* End PBXNativeTarget section */

/* Begin PBXProject section */
		EDE273502B089EA500A05B11 /* Project object */ = {
			isa = PBXProject;
			attributes = {
				BuildIndependentTargetsInParallel = 1;
				LastSwiftUpdateCheck = 1500;
				LastUpgradeCheck = 1500;
				TargetAttributes = {
					EDE273572B089EA500A05B11 = {
						CreatedOnToolsVersion = 15.0.1;
					};
					EDE273682B089EA800A05B11 = {
						CreatedOnToolsVersion = 15.0.1;
						TestTargetID = EDE273572B089EA500A05B11;
					};
					EDE273722B089EA800A05B11 = {
						CreatedOnToolsVersion = 15.0.1;
						TestTargetID = EDE273572B089EA500A05B11;
					};
				};
			};
			buildConfigurationList = EDE273532B089EA500A05B11 /* Build configuration list for PBXProject "PayPayCorp.MobileCodingChallenge" */;
			compatibilityVersion = "Xcode 14.0";
			developmentRegion = en;
			hasScannedForEncodings = 0;
			knownRegions = (
				en,
				Base,
			);
			mainGroup = EDE2734F2B089EA500A05B11;
			productRefGroup = EDE273592B089EA500A05B11 /* Products */;
			projectDirPath = "";
			projectRoot = "";
			targets = (
				EDE273572B089EA500A05B11 /* PayPayCorp.MobileCodingChallenge */,
				EDE273682B089EA800A05B11 /* PayPayCorp.MobileCodingChallengeTests */,
				EDE273722B089EA800A05B11 /* PayPayCorp.MobileCodingChallengeUITests */,
			);
		};
/* End PBXProject section */

/* Begin PBXResourcesBuildPhase section */
		EDE273562B089EA500A05B11 /* Resources */ = {
			isa = PBXResourcesBuildPhase;
			buildActionMask = 2147483647;
			files = (
				EDE273642B089EA800A05B11 /* Preview Assets.xcassets in Resources */,
				EDE273602B089EA800A05B11 /* Assets.xcassets in Resources */,
			);
			runOnlyForDeploymentPostprocessing = 0;
		};
		EDE273672B089EA800A05B11 /* Resources */ = {
			isa = PBXResourcesBuildPhase;
			buildActionMask = 2147483647;
			files = (
			);
			runOnlyForDeploymentPostprocessing = 0;
		};
		EDE273712B089EA800A05B11 /* Resources */ = {
			isa = PBXResourcesBuildPhase;
			buildActionMask = 2147483647;
			files = (
			);
			runOnlyForDeploymentPostprocessing = 0;
		};
/* End PBXResourcesBuildPhase section */

/* Begin PBXSourcesBuildPhase section */
		EDE273542B089EA500A05B11 /* Sources */ = {
			isa = PBXSourcesBuildPhase;
			buildActionMask = 2147483647;
			files = (
				EDE2735E2B089EA500A05B11 /* ContentView.swift in Sources */,
				EDE2735C2B089EA500A05B11 /* PayPayCorp_MobileCodingChallengeApp.swift in Sources */,
			);
			runOnlyForDeploymentPostprocessing = 0;
		};
		EDE273652B089EA800A05B11 /* Sources */ = {
			isa = PBXSourcesBuildPhase;
			buildActionMask = 2147483647;
			files = (
				EDE2736E2B089EA800A05B11 /* PayPayCorp_MobileCodingChallengeTests.swift in Sources */,
			);
			runOnlyForDeploymentPostprocessing = 0;
		};
		EDE2736F2B089EA800A05B11 /* Sources */ = {
			isa = PBXSourcesBuildPhase;
			buildActionMask = 2147483647;
			files = (
				EDE2737A2B089EA800A05B11 /* PayPayCorp_MobileCodingChallengeUITestsLaunchTests.swift in Sources */,
				EDE273782B089EA800A05B11 /* PayPayCorp_MobileCodingChallengeUITests.swift in Sources */,
			);
			runOnlyForDeploymentPostprocessing = 0;
		};
/* End PBXSourcesBuildPhase section */

/* Begin PBXTargetDependency section */
		EDE2736B2B089EA800A05B11 /* PBXTargetDependency */ = {
			isa = PBXTargetDependency;
			target = EDE273572B089EA500A05B11 /* PayPayCorp.MobileCodingChallenge */;
			targetProxy = EDE2736A2B089EA800A05B11 /* PBXContainerItemProxy */;
		};
		EDE273752B089EA800A05B11 /* PBXTargetDependency */ = {
			isa = PBXTargetDependency;
			target = EDE273572B089EA500A05B11 /* PayPayCorp.MobileCodingChallenge */;
			targetProxy = EDE273742B089EA800A05B11 /* PBXContainerItemProxy */;
		};
/* End PBXTargetDependency section */

/* Begin XCBuildConfiguration section */
		EDE2737B2B089EA800A05B11 /* Debug */ = {
			isa = XCBuildConfiguration;
			buildSettings = {
				ALWAYS_SEARCH_USER_PATHS = NO;
				ASSETCATALOG_COMPILER_GENERATE_SWIFT_ASSET_SYMBOL_EXTENSIONS = YES;
				CLANG_ANALYZER_NONNULL = YES;
				CLANG_ANALYZER_NUMBER_OBJECT_CONVERSION = YES_AGGRESSIVE;
				CLANG_CXX_LANGUAGE_STANDARD = "gnu++20";
				CLANG_ENABLE_MODULES = YES;
				CLANG_ENABLE_OBJC_ARC = YES;
				CLANG_ENABLE_OBJC_WEAK = YES;
				CLANG_WARN_BLOCK_CAPTURE_AUTORELEASING = YES;
				CLANG_WARN_BOOL_CONVERSION = YES;
				CLANG_WARN_COMMA = YES;
				CLANG_WARN_CONSTANT_CONVERSION = YES;
				CLANG_WARN_DEPRECATED_OBJC_IMPLEMENTATIONS = YES;
				CLANG_WARN_DIRECT_OBJC_ISA_USAGE = YES_ERROR;
				CLANG_WARN_DOCUMENTATION_COMMENTS = YES;
				CLANG_WARN_EMPTY_BODY = YES;
				CLANG_WARN_ENUM_CONVERSION = YES;
				CLANG_WARN_INFINITE_RECURSION = YES;
				CLANG_WARN_INT_CONVERSION = YES;
				CLANG_WARN_NON_LITERAL_NULL_CONVERSION = YES;
				CLANG_WARN_OBJC_IMPLICIT_RETAIN_SELF = YES;
				CLANG_WARN_OBJC_LITERAL_CONVERSION = YES;
				CLANG_WARN_OBJC_ROOT_CLASS = YES_ERROR;
				CLANG_WARN_QUOTED_INCLUDE_IN_FRAMEWORK_HEADER = YES;
				CLANG_WARN_RANGE_LOOP_ANALYSIS = YES;
				CLANG_WARN_STRICT_PROTOTYPES = YES;
				CLANG_WARN_SUSPICIOUS_MOVE = YES;
				CLANG_WARN_UNGUARDED_AVAILABILITY = YES_AGGRESSIVE;
				CLANG_WARN_UNREACHABLE_CODE = YES;
				CLANG_WARN__DUPLICATE_METHOD_MATCH = YES;
				COPY_PHASE_STRIP = NO;
				DEBUG_INFORMATION_FORMAT = dwarf;
				ENABLE_STRICT_OBJC_MSGSEND = YES;
				ENABLE_TESTABILITY = YES;
				ENABLE_USER_SCRIPT_SANDBOXING = YES;
				GCC_C_LANGUAGE_STANDARD = gnu17;
				GCC_DYNAMIC_NO_PIC = NO;
				GCC_NO_COMMON_BLOCKS = YES;
				GCC_OPTIMIZATION_LEVEL = 0;
				GCC_PREPROCESSOR_DEFINITIONS = (
					"DEBUG=1",
					"$(inherited)",
				);
				GCC_WARN_64_TO_32_BIT_CONVERSION = YES;
				GCC_WARN_ABOUT_RETURN_TYPE = YES_ERROR;
				GCC_WARN_UNDECLARED_SELECTOR = YES;
				GCC_WARN_UNINITIALIZED_AUTOS = YES_AGGRESSIVE;
				GCC_WARN_UNUSED_FUNCTION = YES;
				GCC_WARN_UNUSED_VARIABLE = YES;
				LOCALIZATION_PREFERS_STRING_CATALOGS = YES;
				MTL_ENABLE_DEBUG_INFO = INCLUDE_SOURCE;
				MTL_FAST_MATH = YES;
				ONLY_ACTIVE_ARCH = YES;
				SWIFT_ACTIVE_COMPILATION_CONDITIONS = "DEBUG $(inherited)";
				SWIFT_OPTIMIZATION_LEVEL = "-Onone";
			};
			name = Debug;
		};
		EDE2737C2B089EA800A05B11 /* Release */ = {
			isa = XCBuildConfiguration;
			buildSettings = {
				ALWAYS_SEARCH_USER_PATHS = NO;
				ASSETCATALOG_COMPILER_GENERATE_SWIFT_ASSET_SYMBOL_EXTENSIONS = YES;
				CLANG_ANALYZER_NONNULL = YES;
				CLANG_ANALYZER_NUMBER_OBJECT_CONVERSION = YES_AGGRESSIVE;
				CLANG_CXX_LANGUAGE_STANDARD = "gnu++20";
				CLANG_ENABLE_MODULES = YES;
				CLANG_ENABLE_OBJC_ARC = YES;
				CLANG_ENABLE_OBJC_WEAK = YES;
				CLANG_WARN_BLOCK_CAPTURE_AUTORELEASING = YES;
				CLANG_WARN_BOOL_CONVERSION = YES;
				CLANG_WARN_COMMA = YES;
				CLANG_WARN_CONSTANT_CONVERSION = YES;
				CLANG_WARN_DEPRECATED_OBJC_IMPLEMENTATIONS = YES;
				CLANG_WARN_DIRECT_OBJC_ISA_USAGE = YES_ERROR;
				CLANG_WARN_DOCUMENTATION_COMMENTS = YES;
				CLANG_WARN_EMPTY_BODY = YES;
				CLANG_WARN_ENUM_CONVERSION = YES;
				CLANG_WARN_INFINITE_RECURSION = YES;
				CLANG_WARN_INT_CONVERSION = YES;
				CLANG_WARN_NON_LITERAL_NULL_CONVERSION = YES;
				CLANG_WARN_OBJC_IMPLICIT_RETAIN_SELF = YES;
				CLANG_WARN_OBJC_LITERAL_CONVERSION = YES;
				CLANG_WARN_OBJC_ROOT_CLASS = YES_ERROR;
				CLANG_WARN_QUOTED_INCLUDE_IN_FRAMEWORK_HEADER = YES;
				CLANG_WARN_RANGE_LOOP_ANALYSIS = YES;
				CLANG_WARN_STRICT_PROTOTYPES = YES;
				CLANG_WARN_SUSPICIOUS_MOVE = YES;
				CLANG_WARN_UNGUARDED_AVAILABILITY = YES_AGGRESSIVE;
				CLANG_WARN_UNREACHABLE_CODE = YES;
				CLANG_WARN__DUPLICATE_METHOD_MATCH = YES;
				COPY_PHASE_STRIP = NO;
				DEBUG_INFORMATION_FORMAT = "dwarf-with-dsym";
				ENABLE_NS_ASSERTIONS = NO;
				ENABLE_STRICT_OBJC_MSGSEND = YES;
				ENABLE_USER_SCRIPT_SANDBOXING = YES;
				GCC_C_LANGUAGE_STANDARD = gnu17;
				GCC_NO_COMMON_BLOCKS = YES;
				GCC_WARN_64_TO_32_BIT_CONVERSION = YES;
				GCC_WARN_ABOUT_RETURN_TYPE = YES_ERROR;
				GCC_WARN_UNDECLARED_SELECTOR = YES;
				GCC_WARN_UNINITIALIZED_AUTOS = YES_AGGRESSIVE;
				GCC_WARN_UNUSED_FUNCTION = YES;
				GCC_WARN_UNUSED_VARIABLE = YES;
				LOCALIZATION_PREFERS_STRING_CATALOGS = YES;
				MTL_ENABLE_DEBUG_INFO = NO;
				MTL_FAST_MATH = YES;
				SWIFT_COMPILATION_MODE = wholemodule;
			};
			name = Release;
		};
		EDE2737E2B089EA800A05B11 /* Debug */ = {
			isa = XCBuildConfiguration;
			buildSettings = {
				ASSETCATALOG_COMPILER_APPICON_NAME = AppIcon;
				ASSETCATALOG_COMPILER_GLOBAL_ACCENT_COLOR_NAME = AccentColor;
				CODE_SIGN_ENTITLEMENTS = PayPayCorp.MobileCodingChallenge/PayPayCorp_MobileCodingChallenge.entitlements;
				CODE_SIGN_STYLE = Automatic;
				CURRENT_PROJECT_VERSION = 1;
				DEVELOPMENT_ASSET_PATHS = "\"PayPayCorp.MobileCodingChallenge/Preview Content\"";
				ENABLE_PREVIEWS = YES;
				GENERATE_INFOPLIST_FILE = YES;
				"INFOPLIST_KEY_UIApplicationSceneManifest_Generation[sdk=iphoneos*]" = YES;
				"INFOPLIST_KEY_UIApplicationSceneManifest_Generation[sdk=iphonesimulator*]" = YES;
				"INFOPLIST_KEY_UIApplicationSupportsIndirectInputEvents[sdk=iphoneos*]" = YES;
				"INFOPLIST_KEY_UIApplicationSupportsIndirectInputEvents[sdk=iphonesimulator*]" = YES;
				"INFOPLIST_KEY_UILaunchScreen_Generation[sdk=iphoneos*]" = YES;
				"INFOPLIST_KEY_UILaunchScreen_Generation[sdk=iphonesimulator*]" = YES;
				"INFOPLIST_KEY_UIStatusBarStyle[sdk=iphoneos*]" = UIStatusBarStyleDefault;
				"INFOPLIST_KEY_UIStatusBarStyle[sdk=iphonesimulator*]" = UIStatusBarStyleDefault;
				INFOPLIST_KEY_UISupportedInterfaceOrientations_iPad = "UIInterfaceOrientationPortrait UIInterfaceOrientationPortraitUpsideDown UIInterfaceOrientationLandscapeLeft UIInterfaceOrientationLandscapeRight";
				INFOPLIST_KEY_UISupportedInterfaceOrientations_iPhone = "UIInterfaceOrientationPortrait UIInterfaceOrientationLandscapeLeft UIInterfaceOrientationLandscapeRight";
				IPHONEOS_DEPLOYMENT_TARGET = 17.0;
				LD_RUNPATH_SEARCH_PATHS = "@executable_path/Frameworks";
				"LD_RUNPATH_SEARCH_PATHS[sdk=macosx*]" = "@executable_path/../Frameworks";
				MACOSX_DEPLOYMENT_TARGET = 14.0;
				MARKETING_VERSION = 1.0;
				PRODUCT_BUNDLE_IDENTIFIER = "com.PayPayCorp-MobileCodingChallenge";
				PRODUCT_NAME = "$(TARGET_NAME)";
				SDKROOT = auto;
				SUPPORTED_PLATFORMS = "iphoneos iphonesimulator macosx";
				SWIFT_EMIT_LOC_STRINGS = YES;
				SWIFT_VERSION = 5.0;
				TARGETED_DEVICE_FAMILY = "1,2";
			};
			name = Debug;
		};
		EDE2737F2B089EA800A05B11 /* Release */ = {
			isa = XCBuildConfiguration;
			buildSettings = {
				ASSETCATALOG_COMPILER_APPICON_NAME = AppIcon;
				ASSETCATALOG_COMPILER_GLOBAL_ACCENT_COLOR_NAME = AccentColor;
				CODE_SIGN_ENTITLEMENTS = PayPayCorp.MobileCodingChallenge/PayPayCorp_MobileCodingChallenge.entitlements;
				CODE_SIGN_STYLE = Automatic;
				CURRENT_PROJECT_VERSION = 1;
				DEVELOPMENT_ASSET_PATHS = "\"PayPayCorp.MobileCodingChallenge/Preview Content\"";
				ENABLE_PREVIEWS = YES;
				GENERATE_INFOPLIST_FILE = YES;
				"INFOPLIST_KEY_UIApplicationSceneManifest_Generation[sdk=iphoneos*]" = YES;
				"INFOPLIST_KEY_UIApplicationSceneManifest_Generation[sdk=iphonesimulator*]" = YES;
				"INFOPLIST_KEY_UIApplicationSupportsIndirectInputEvents[sdk=iphoneos*]" = YES;
				"INFOPLIST_KEY_UIApplicationSupportsIndirectInputEvents[sdk=iphonesimulator*]" = YES;
				"INFOPLIST_KEY_UILaunchScreen_Generation[sdk=iphoneos*]" = YES;
				"INFOPLIST_KEY_UILaunchScreen_Generation[sdk=iphonesimulator*]" = YES;
				"INFOPLIST_KEY_UIStatusBarStyle[sdk=iphoneos*]" = UIStatusBarStyleDefault;
				"INFOPLIST_KEY_UIStatusBarStyle[sdk=iphonesimulator*]" = UIStatusBarStyleDefault;
				INFOPLIST_KEY_UISupportedInterfaceOrientations_iPad = "UIInterfaceOrientationPortrait UIInterfaceOrientationPortraitUpsideDown UIInterfaceOrientationLandscapeLeft UIInterfaceOrientationLandscapeRight";
				INFOPLIST_KEY_UISupportedInterfaceOrientations_iPhone = "UIInterfaceOrientationPortrait UIInterfaceOrientationLandscapeLeft UIInterfaceOrientationLandscapeRight";
				IPHONEOS_DEPLOYMENT_TARGET = 17.0;
				LD_RUNPATH_SEARCH_PATHS = "@executable_path/Frameworks";
				"LD_RUNPATH_SEARCH_PATHS[sdk=macosx*]" = "@executable_path/../Frameworks";
				MACOSX_DEPLOYMENT_TARGET = 14.0;
				MARKETING_VERSION = 1.0;
				PRODUCT_BUNDLE_IDENTIFIER = "com.PayPayCorp-MobileCodingChallenge";
				PRODUCT_NAME = "$(TARGET_NAME)";
				SDKROOT = auto;
				SUPPORTED_PLATFORMS = "iphoneos iphonesimulator macosx";
				SWIFT_EMIT_LOC_STRINGS = YES;
				SWIFT_VERSION = 5.0;
				TARGETED_DEVICE_FAMILY = "1,2";
			};
			name = Release;
		};
		EDE273812B089EA800A05B11 /* Debug */ = {
			isa = XCBuildConfiguration;
			buildSettings = {
				ALWAYS_EMBED_SWIFT_STANDARD_LIBRARIES = YES;
				BUNDLE_LOADER = "$(TEST_HOST)";
				CODE_SIGN_STYLE = Automatic;
				CURRENT_PROJECT_VERSION = 1;
				GENERATE_INFOPLIST_FILE = YES;
				IPHONEOS_DEPLOYMENT_TARGET = 17.0;
				MACOSX_DEPLOYMENT_TARGET = 14.0;
				MARKETING_VERSION = 1.0;
				PRODUCT_BUNDLE_IDENTIFIER = "com.PayPayCorp-MobileCodingChallengeTests";
				PRODUCT_NAME = "$(TARGET_NAME)";
				SDKROOT = auto;
				SUPPORTED_PLATFORMS = "iphoneos iphonesimulator macosx";
				SWIFT_EMIT_LOC_STRINGS = NO;
				SWIFT_VERSION = 5.0;
				TARGETED_DEVICE_FAMILY = "1,2";
				TEST_HOST = "$(BUILT_PRODUCTS_DIR)/PayPayCorp.MobileCodingChallenge.app/$(BUNDLE_EXECUTABLE_FOLDER_PATH)/PayPayCorp.MobileCodingChallenge";
			};
			name = Debug;
		};
		EDE273822B089EA800A05B11 /* Release */ = {
			isa = XCBuildConfiguration;
			buildSettings = {
				ALWAYS_EMBED_SWIFT_STANDARD_LIBRARIES = YES;
				BUNDLE_LOADER = "$(TEST_HOST)";
				CODE_SIGN_STYLE = Automatic;
				CURRENT_PROJECT_VERSION = 1;
				GENERATE_INFOPLIST_FILE = YES;
				IPHONEOS_DEPLOYMENT_TARGET = 17.0;
				MACOSX_DEPLOYMENT_TARGET = 14.0;
				MARKETING_VERSION = 1.0;
				PRODUCT_BUNDLE_IDENTIFIER = "com.PayPayCorp-MobileCodingChallengeTests";
				PRODUCT_NAME = "$(TARGET_NAME)";
				SDKROOT = auto;
				SUPPORTED_PLATFORMS = "iphoneos iphonesimulator macosx";
				SWIFT_EMIT_LOC_STRINGS = NO;
				SWIFT_VERSION = 5.0;
				TARGETED_DEVICE_FAMILY = "1,2";
				TEST_HOST = "$(BUILT_PRODUCTS_DIR)/PayPayCorp.MobileCodingChallenge.app/$(BUNDLE_EXECUTABLE_FOLDER_PATH)/PayPayCorp.MobileCodingChallenge";
			};
			name = Release;
		};
		EDE273842B089EA800A05B11 /* Debug */ = {
			isa = XCBuildConfiguration;
			buildSettings = {
				ALWAYS_EMBED_SWIFT_STANDARD_LIBRARIES = YES;
				CODE_SIGN_STYLE = Automatic;
				CURRENT_PROJECT_VERSION = 1;
				GENERATE_INFOPLIST_FILE = YES;
				IPHONEOS_DEPLOYMENT_TARGET = 17.0;
				MACOSX_DEPLOYMENT_TARGET = 14.0;
				MARKETING_VERSION = 1.0;
				PRODUCT_BUNDLE_IDENTIFIER = "com.PayPayCorp-MobileCodingChallengeUITests";
				PRODUCT_NAME = "$(TARGET_NAME)";
				SDKROOT = auto;
				SUPPORTED_PLATFORMS = "iphoneos iphonesimulator macosx";
				SWIFT_EMIT_LOC_STRINGS = NO;
				SWIFT_VERSION = 5.0;
				TARGETED_DEVICE_FAMILY = "1,2";
				TEST_TARGET_NAME = PayPayCorp.MobileCodingChallenge;
			};
			name = Debug;
		};
		EDE273852B089EA800A05B11 /* Release */ = {
			isa = XCBuildConfiguration;
			buildSettings = {
				ALWAYS_EMBED_SWIFT_STANDARD_LIBRARIES = YES;
				CODE_SIGN_STYLE = Automatic;
				CURRENT_PROJECT_VERSION = 1;
				GENERATE_INFOPLIST_FILE = YES;
				IPHONEOS_DEPLOYMENT_TARGET = 17.0;
				MACOSX_DEPLOYMENT_TARGET = 14.0;
				MARKETING_VERSION = 1.0;
				PRODUCT_BUNDLE_IDENTIFIER = "com.PayPayCorp-MobileCodingChallengeUITests";
				PRODUCT_NAME = "$(TARGET_NAME)";
				SDKROOT = auto;
				SUPPORTED_PLATFORMS = "iphoneos iphonesimulator macosx";
				SWIFT_EMIT_LOC_STRINGS = NO;
				SWIFT_VERSION = 5.0;
				TARGETED_DEVICE_FAMILY = "1,2";
				TEST_TARGET_NAME = PayPayCorp.MobileCodingChallenge;
			};
			name = Release;
		};
/* End XCBuildConfiguration section */

/* Begin XCConfigurationList section */
		EDE273532B089EA500A05B11 /* Build configuration list for PBXProject "PayPayCorp.MobileCodingChallenge" */ = {
			isa = XCConfigurationList;
			buildConfigurations = (
				EDE2737B2B089EA800A05B11 /* Debug */,
				EDE2737C2B089EA800A05B11 /* Release */,
			);
			defaultConfigurationIsVisible = 0;
			defaultConfigurationName = Release;
		};
		EDE2737D2B089EA800A05B11 /* Build configuration list for PBXNativeTarget "PayPayCorp.MobileCodingChallenge" */ = {
			isa = XCConfigurationList;
			buildConfigurations = (
				EDE2737E2B089EA800A05B11 /* Debug */,
				EDE2737F2B089EA800A05B11 /* Release */,
			);
			defaultConfigurationIsVisible = 0;
			defaultConfigurationName = Release;
		};
		EDE273802B089EA800A05B11 /* Build configuration list for PBXNativeTarget "PayPayCorp.MobileCodingChallengeTests" */ = {
			isa = XCConfigurationList;
			buildConfigurations = (
				EDE273812B089EA800A05B11 /* Debug */,
				EDE273822B089EA800A05B11 /* Release */,
			);
			defaultConfigurationIsVisible = 0;
			defaultConfigurationName = Release;
		};
		EDE273832B089EA800A05B11 /* Build configuration list for PBXNativeTarget "PayPayCorp.MobileCodingChallengeUITests" */ = {
			isa = XCConfigurationList;
			buildConfigurations = (
				EDE273842B089EA800A05B11 /* Debug */,
				EDE273852B089EA800A05B11 /* Release */,
			);
			defaultConfigurationIsVisible = 0;
			defaultConfigurationName = Release;
		};
/* End XCConfigurationList section */
	};
	rootObject = EDE273502B089EA500A05B11 /* Project object */;
}
